
Microsoft Visual Studio Solution File, Format Version 12.00
# Visual Studio Version 17
VisualStudioVersion = 17.8.34309.116
MinimumVisualStudioVersion = 10.0.40219.1
Project("{9A19103F-16F7-4668-BE54-9A1E7A4F7556}") = "Ara3D.Utils.Nuget", "src\Ara3D.Utils\Ara3D.Utils.Nuget.csproj", "{7B5121B6-9BA9-4499-BF3B-E3213E408890}"
EndProject
Project("{9A19103F-16F7-4668-BE54-9A1E7A4F7556}") = "Ara3D.Parsing.Nuget", "src\Ara3D.Parsing\Ara3D.Parsing.Nuget.csproj", "{2878ECC7-8516-4FF0-B423-F4246F5C7F0E}"
EndProject
Project("{2150E333-8FDC-42A3-9474-1A3956D46DE8}") = "notes", "notes", "{893E68A9-75F1-4E4B-8283-4B935F83DF4D}"
	ProjectSection(SolutionItems) = preProject
		notes.md = notes.md
	EndProjectSection
EndProject
Global
	GlobalSection(SolutionConfigurationPlatforms) = preSolution
		Debug|Any CPU = Debug|Any CPU
		Release|Any CPU = Release|Any CPU
	EndGlobalSection
	GlobalSection(ProjectConfigurationPlatforms) = postSolution
		{7B5121B6-9BA9-4499-BF3B-E3213E408890}.Debug|Any CPU.ActiveCfg = Debug|Any CPU
		{7B5121B6-9BA9-4499-BF3B-E3213E408890}.Debug|Any CPU.Build.0 = Debug|Any CPU
		{7B5121B6-9BA9-4499-BF3B-E3213E408890}.Release|Any CPU.ActiveCfg = Release|Any CPU
		{7B5121B6-9BA9-4499-BF3B-E3213E408890}.Release|Any CPU.Build.0 = Release|Any CPU
		{2878ECC7-8516-4FF0-B423-F4246F5C7F0E}.Debug|Any CPU.ActiveCfg = Debug|Any CPU
		{2878ECC7-8516-4FF0-B423-F4246F5C7F0E}.Debug|Any CPU.Build.0 = Debug|Any CPU
		{2878ECC7-8516-4FF0-B423-F4246F5C7F0E}.Release|Any CPU.ActiveCfg = Release|Any CPU
		{2878ECC7-8516-4FF0-B423-F4246F5C7F0E}.Release|Any CPU.Build.0 = Release|Any CPU
	EndGlobalSection
	GlobalSection(SolutionProperties) = preSolution
		HideSolutionNode = FALSE
	EndGlobalSection
	GlobalSection(ExtensibilityGlobals) = postSolution
		SolutionGuid = {0F599745-50A1-4EF9-BB78-560861F6B190}
	EndGlobalSection
EndGlobal
