
Microsoft Visual Studio Solution File, Format Version 12.00
# Visual Studio Version 17
VisualStudioVersion = 17.4.33122.133
MinimumVisualStudioVersion = 10.0.40219.1
Project("{2150E333-8FDC-42A3-9474-1A3956D46DE8}") = "ara3d", "ara3d", "{3293BA18-D81D-4AD9-9D7C-9CD2F0D5D376}"
	ProjectSection(SolutionItems) = preProject
		.gitignore = .gitignore
		LICENSE.txt = LICENSE.txt
		README.md = README.md
	EndProjectSection
EndProject
Project("{2150E333-8FDC-42A3-9474-1A3956D46DE8}") = "tests", "tests", "{8C9F014E-97FC-4A6E-9C4D-05DF71C3B209}"
EndProject
Project("{9A19103F-16F7-4668-BE54-9A1E7A4F7556}") = "Ara3D.Collections.Tests", "tests\Ara3D.Collections.Tests\Ara3D.Collections.Tests.csproj", "{FA0142EE-3E5B-491C-B890-CB90B22859B1}"
EndProject
Project("{2150E333-8FDC-42A3-9474-1A3956D46DE8}") = "labs", "labs", "{29056796-3D9B-4DD1-A99F-93063C26D60D}"
EndProject
Project("{9A19103F-16F7-4668-BE54-9A1E7A4F7556}") = "Silk3DViewer", "labs\Silk3DViewer\Silk3DViewer.csproj", "{6A98A946-1A96-46D9-B350-8E218FDB5A21}"
EndProject
Project("{FAE04EC0-301F-11D3-BF4B-00C04F79EFBC}") = "Ara3D.ScriptEditor", "labs\AraScriptEditor\Ara3D.ScriptEditor.csproj", "{E52B90C6-9F2F-4C5F-BAFF-BF4F46E9C6A0}"
EndProject
Project("{9A19103F-16F7-4668-BE54-9A1E7A4F7556}") = "Ara3D.Serialization.VIM", "src\Ara3D.Serialization.VIM\Ara3D.Serialization.VIM.csproj", "{A4CF85B9-E63D-472B-908D-81FD7F1F70EA}"
EndProject
Project("{9A19103F-16F7-4668-BE54-9A1E7A4F7556}") = "Ara3D.Serialization.G3D", "src\Ara3D.Serialization.G3D\Ara3D.Serialization.G3D.csproj", "{C2A1F310-166F-49B4-B9B9-ECB937D53FE2}"
EndProject
Project("{9A19103F-16F7-4668-BE54-9A1E7A4F7556}") = "Ara3D.Bowerbird.Tests", "labs\Ara3D.Bowerbird.Tests\Ara3D.Bowerbird.Tests.csproj", "{F663614F-A559-4F7A-9647-57EE46D16267}"
EndProject
Project("{FAE04EC0-301F-11D3-BF4B-00C04F79EFBC}") = "Ara3D.Bowerbird.Revit2023", "labs\Ara3D.Bowerbird.Revit\Ara3D.Bowerbird.Revit2023.csproj", "{F831E5C7-ABC5-476A-88CB-638783F266D0}"
EndProject
Project("{9A19103F-16F7-4668-BE54-9A1E7A4F7556}") = "Ara3D.Bowerbird.Demo.Winforms", "labs\Ara3D.Bowerbird.Demo.Winforms\Ara3D.Bowerbird.Demo.Winforms.csproj", "{5D83BB5C-A1EF-4376-B87C-F2214ADDC699}"
EndProject
Project("{9A19103F-16F7-4668-BE54-9A1E7A4F7556}") = "Ara3D.Bowerbird.Core", "labs\Ara3D.Bowerbird.Core\Ara3D.Bowerbird.Core.csproj", "{C2989064-7468-4173-ADB5-8E935274CDCC}"
EndProject
Project("{9A19103F-16F7-4668-BE54-9A1E7A4F7556}") = "Ara3D.Math", "src\Ara3D.Math\Ara3D.Math.csproj", "{9DDEB13C-A6D4-49E6-8E50-21A3C5931414}"
EndProject
Project("{9A19103F-16F7-4668-BE54-9A1E7A4F7556}") = "Ara3D.Interop.Assimp", "src\Ara3D.Interop.Assimp\Ara3D.Interop.Assimp.csproj", "{2BB0F7C3-4EFC-4F9E-985D-CFF963AE5353}"
EndProject
Project("{9A19103F-16F7-4668-BE54-9A1E7A4F7556}") = "Ara3D.Geometry", "src\Ara3D.Geometry\Ara3D.Geometry.csproj", "{D5AA20AA-79D7-4D58-9CAF-45A07340C354}"
EndProject
Project("{9A19103F-16F7-4668-BE54-9A1E7A4F7556}") = "Ara3D.Collections", "src\Ara3D.Collections\Ara3D.Collections.csproj", "{31E7BD94-C662-4A29-8048-9801742E0A9A}"
EndProject
Project("{9A19103F-16F7-4668-BE54-9A1E7A4F7556}") = "Ara3D.Serialization.BFAST", "src\Ara3D.Serialization.BFAST\Ara3D.Serialization.BFAST.csproj", "{A763689E-D5C2-4A25-8A3F-9CEAF8BB3132}"
EndProject
Project("{9A19103F-16F7-4668-BE54-9A1E7A4F7556}") = "Ara3D.Graphics", "src\Ara3D.Graphics\Ara3D.Graphics.csproj", "{D8A73FCE-D522-44E6-AEA6-E76EA1342CFB}"
EndProject
Project("{9A19103F-16F7-4668-BE54-9A1E7A4F7556}") = "Wpf3DViewer", "labs\Ara3D.Wpf3DViewer\Wpf3DViewer.csproj", "{242737B1-EE3C-4885-B6D0-90D484654DAF}"
EndProject
Project("{9A19103F-16F7-4668-BE54-9A1E7A4F7556}") = "Ara3D.Buffers", "src\Ara3D.Buffers\Ara3D.Buffers.csproj", "{73251016-7226-48F8-8B9D-826F5661FA95}"
EndProject
Project("{9A19103F-16F7-4668-BE54-9A1E7A4F7556}") = "VimTableExplorer", "labs\VimTableExplorer\VimTableExplorer.csproj", "{DD087C42-7DE3-4DC2-8503-8DA8384B86F9}"
EndProject
Project("{9A19103F-16F7-4668-BE54-9A1E7A4F7556}") = "TreeViewFileExplorer", "labs\TreeViewFileExplorer\TreeViewFileExplorer.csproj", "{F641DE77-D377-4D49-AB4D-A9100E709CC5}"
EndProject
Project("{9A19103F-16F7-4668-BE54-9A1E7A4F7556}") = "ColorWheelTest", "labs\ColorWheelTest\ColorWheelTest.csproj", "{E616A0C0-1271-4DE4-887C-308C39144336}"
EndProject
Project("{8BC9CEB8-8B4A-11D0-8D11-00A0C91BC942}") = "Ara3D.Serialization.FBX", "src\Ara3D.Serialization.FBX\Ara3D.Serialization.FBX.vcxproj", "{BC1A5B04-8C37-4DA5-8CA7-D6EE7EE84E0B}"
EndProject
Project("{9A19103F-16F7-4668-BE54-9A1E7A4F7556}") = "FBXtoG3D", "labs\FBXtoG3D\FBXtoG3D.csproj", "{F57292E8-8F2F-42C9-8FC0-7859700A7B77}"
EndProject
Project("{9A19103F-16F7-4668-BE54-9A1E7A4F7556}") = "Ara3D.Interop.G3Sharp", "src\Ara3D.Interop.G3Sharp\Ara3D.Interop.G3Sharp.csproj", "{990AC98B-328E-44E4-AB32-B156D910FDDC}"
EndProject
Project("{9A19103F-16F7-4668-BE54-9A1E7A4F7556}") = "Ara3D.Interop.Unity", "src\Ara3D.Interop.Unity\Ara3D.Interop.Unity.csproj", "{D841A5AE-CCD8-4A63-AACE-D5C013B36E9A}"
EndProject
Project("{9A19103F-16F7-4668-BE54-9A1E7A4F7556}") = "SvgEditorWinForms", "labs\SvgEditorWinforms\SvgEditorWinForms.csproj", "{A26C8000-17C2-43B8-A1D5-1176376741A9}"
EndProject
Project("{9A19103F-16F7-4668-BE54-9A1E7A4F7556}") = "Ara3D.Services", "src\Ara3D.Services\Ara3D.Services.csproj", "{54EDAD8E-0960-462B-A4F1-4E82C9F8275F}"
EndProject
Project("{9A19103F-16F7-4668-BE54-9A1E7A4F7556}") = "Ara3D.Utils.Roslyn", "src\Ara3D.Utils.Roslyn\Ara3D.Utils.Roslyn.csproj", "{7A9E158E-3F00-431B-A8A6-BE3D6E6989E6}"
EndProject
Project("{9A19103F-16F7-4668-BE54-9A1E7A4F7556}") = "Ara3D.Utils.Win32", "src\Ara3D.Utils.Win32\Ara3D.Utils.Win32.csproj", "{5CAD8885-04D4-46F4-B3FE-AC3409435CA3}"
EndProject
Project("{9A19103F-16F7-4668-BE54-9A1E7A4F7556}") = "Ara3D.Utils.Wpf", "src\Ara3D.Utils.Wpf\Ara3D.Utils.Wpf.csproj", "{7A455DFD-0EC8-45A6-BFFE-35AB6CD78BAF}"
EndProject
Project("{9A19103F-16F7-4668-BE54-9A1E7A4F7556}") = "Ara3D.Utils", "src\Ara3D.Utils\Ara3D.Utils.csproj", "{6B8EA878-A82D-43AF-BFEF-0E5106117F55}"
EndProject
Project("{9A19103F-16F7-4668-BE54-9A1E7A4F7556}") = "Ara3D.Domo", "src\Ara3D.Domo\Ara3D.Domo.csproj", "{CE773588-717C-401F-8612-0760B27CDD34}"
EndProject
Project("{9A19103F-16F7-4668-BE54-9A1E7A4F7556}") = "Domo.Sample.Services", "labs\Domo.Sample.Services\Domo.Sample.Services.csproj", "{AC7E9FCE-AC6B-4619-B3AA-B6EB5B4AEB94}"
EndProject
Project("{9A19103F-16F7-4668-BE54-9A1E7A4F7556}") = "Domo.Sample.WpfApp", "labs\Domo.Sample.WpfApp\Domo.Sample.WpfApp.csproj", "{9E2FD283-33D9-4E41-B7C6-022E47531C1A}"
EndProject
Project("{9A19103F-16F7-4668-BE54-9A1E7A4F7556}") = "Domo.SampleModels", "labs\Domo.SampleModels\Domo.SampleModels.csproj", "{5D88C597-9EDE-418B-BBB7-FB7FE8397B77}"
EndProject
Project("{9A19103F-16F7-4668-BE54-9A1E7A4F7556}") = "Domo.Tests", "labs\Domo.Tests\Domo.Tests.csproj", "{86F8675C-76B7-4A0A-9092-C825FCE3C085}"
EndProject
Project("{9A19103F-16F7-4668-BE54-9A1E7A4F7556}") = "Ara3D.Utils.Dev", "src\Ara3D.Utils.Dev\Ara3D.Utils.Dev.csproj", "{E608226B-62C7-45E4-B615-684B5DDDCA54}"
EndProject
Project("{9A19103F-16F7-4668-BE54-9A1E7A4F7556}") = "Ara3D.Serialization.VIM.Tests", "tests\Ara3D.Serialization.Tests\Ara3D.Serialization.VIM.Tests.csproj", "{48586D2B-CF1A-4CF2-B6DB-429BD387431D}"
EndProject
Project("{9A19103F-16F7-4668-BE54-9A1E7A4F7556}") = "Ara3D.Serialization.G3D.Tests", "tests\Ara3D.G3d.Tests\Ara3D.Serialization.G3D.Tests.csproj", "{029BF37E-8B50-4270-8FB7-22E090BAB8A9}"
EndProject
Project("{9A19103F-16F7-4668-BE54-9A1E7A4F7556}") = "Ara3D.Math.Tests", "tests\Ara3D.Math3D.Tests\Ara3D.Math.Tests.csproj", "{D1F48996-0EAE-4203-B372-E1E6183A1329}"
EndProject
Project("{9A19103F-16F7-4668-BE54-9A1E7A4F7556}") = "Ara3D.Parsing.Tests", "tests\Ara3D.Parsing.Tests\Ara3D.Parsing.Tests.csproj", "{B63C9616-A04F-41D3-9632-567E3389F87A}"
EndProject
Project("{9A19103F-16F7-4668-BE54-9A1E7A4F7556}") = "Ara3D.Parsing", "src\Ara3D.Parsing\Ara3D.Parsing.csproj", "{92F24B11-B5CE-4B4F-810E-8B544AE22ACB}"
EndProject
Project("{9A19103F-16F7-4668-BE54-9A1E7A4F7556}") = "Ara3D.Parsing.Grammars", "src\Ara3D.Parsing.Grammars\Ara3D.Parsing.Grammars.csproj", "{5D48DE90-27BA-4F76-9DDD-34A79F80176A}"
EndProject
Project("{9A19103F-16F7-4668-BE54-9A1E7A4F7556}") = "SilkTutorialHelloQuad", "labs\SilkTutorialHelloQuad\SilkTutorialHelloQuad.csproj", "{236177DA-978B-4EEB-98C3-D15DB2D5B94D}"
EndProject
Project("{2150E333-8FDC-42A3-9474-1A3956D46DE8}") = "src", "src", "{E2A52810-CFFE-4ADA-8654-E0282492AB3F}"
EndProject
Project("{9A19103F-16F7-4668-BE54-9A1E7A4F7556}") = "Ara3D.Interop.WPF", "src\Ara3D.Interop.WPF\Ara3D.Interop.WPF.csproj", "{FB9DDB70-A2CC-4A30-B6D2-E4C5E8F30599}"
EndProject
Project("{9A19103F-16F7-4668-BE54-9A1E7A4F7556}") = "Ara3D.Utils.Unsafe", "src\Ara3D.Utils.Unsafe\Ara3D.Utils.Unsafe.csproj", "{97CDA598-5DDB-40F5-92F7-CE70BE58F881}"
EndProject
Project("{9A19103F-16F7-4668-BE54-9A1E7A4F7556}") = "Ara3D.ScriptPaint", "labs\Ara3D.ScriptPaint\Ara3D.ScriptPaint.csproj", "{5D7F9FDE-4E08-469F-9AB7-806AFBB7C531}"
EndProject
Project("{2150E333-8FDC-42A3-9474-1A3956D46DE8}") = "plato", "plato", "{6782F97A-B94B-4A1E-9D2A-C106EED389E9}"
EndProject
Project("{9A19103F-16F7-4668-BE54-9A1E7A4F7556}") = "Emu", "labs\Emu\Emu.csproj", "{81E40D8B-D22C-436E-A78C-B963DFB66685}"
EndProject
Project("{9A19103F-16F7-4668-BE54-9A1E7A4F7556}") = "Peacock", "labs\Peacock\Peacock.csproj", "{A9348AA6-A8F7-4B73-9F88-55557EAA3248}"
EndProject
Project("{9A19103F-16F7-4668-BE54-9A1E7A4F7556}") = "Peacock.Wpf", "labs\Peacock.Wpf\Peacock.Wpf.csproj", "{FCE7F375-F014-4331-A8A3-1B9016C8F742}"
EndProject
Project("{9A19103F-16F7-4668-BE54-9A1E7A4F7556}") = "PlatoWinFormsEditor", "plato\PlatoWinFormsEditor\PlatoWinFormsEditor.csproj", "{5A7451FB-148F-4CE1-81E3-39F31E487FB4}"
EndProject
Project("{9A19103F-16F7-4668-BE54-9A1E7A4F7556}") = "PlatoTypeInference", "plato\PlatoTypeInference\PlatoTypeInference.csproj", "{17F84E7C-40FD-48DA-82BC-FDDE81A41353}"
EndProject
Project("{9A19103F-16F7-4668-BE54-9A1E7A4F7556}") = "PlatoTests", "plato\PlatoTests\PlatoTests.csproj", "{CC543DE0-EE1F-473F-AEFD-9E31DCB93085}"
EndProject
Project("{9A19103F-16F7-4668-BE54-9A1E7A4F7556}") = "PlatoStandardLibrary", "plato\PlatoStandardLibrary\PlatoStandardLibrary.csproj", "{E5186494-C094-46AE-A6C0-4D21139D263B}"
EndProject
Project("{9A19103F-16F7-4668-BE54-9A1E7A4F7556}") = "PlatoFlow", "plato\PlatoFlow\PlatoFlow.csproj", "{C288FE22-70E7-4270-AD49-C5270BCBA9EC}"
EndProject
Project("{9A19103F-16F7-4668-BE54-9A1E7A4F7556}") = "Plato.Compiler", "plato\PlatoCompiler\Plato.Compiler.csproj", "{FB5E02F0-192F-4923-B22B-32A87AF25049}"
EndProject
Project("{9A19103F-16F7-4668-BE54-9A1E7A4F7556}") = "MetaballDrawingDemo", "labs\MetaballDrawingDemo\MetaballDrawingDemo.csproj", "{8FB06ECC-4BB8-41CD-BDE1-F2197CF96785}"
EndProject
Project("{9A19103F-16F7-4668-BE54-9A1E7A4F7556}") = "PathTracer", "labs\PathTracer\PathTracer.csproj", "{6582814E-A433-4CA4-AA92-388BF3171219}"
EndProject
Project("{9A19103F-16F7-4668-BE54-9A1E7A4F7556}") = "Ara3D.RhinoReader", "labs\Ara3D.RhinoReader\Ara3D.RhinoReader.csproj", "{182745A8-6E9A-4D33-9D37-77168F6F44F3}"
EndProject
Project("{9A19103F-16F7-4668-BE54-9A1E7A4F7556}") = "Ara3D.Noise", "labs\Ara3D.Noise\Ara3D.Noise.csproj", "{A8722EA4-8650-4345-94C7-F75273E67075}"
EndProject
Project("{9A19103F-16F7-4668-BE54-9A1E7A4F7556}") = "Ara3D.Noise.Tests", "labs\Ara3D.Noise.Tests\Ara3D.Noise.Tests.csproj", "{7D9AA960-D8CE-4EB0-8BD7-16931493B305}"
EndProject
Project("{FAE04EC0-301F-11D3-BF4B-00C04F79EFBC}") = "Ezrx.Rhino.Console", "labs\Ezrx.Rhino.Console\Ezrx.Rhino.Console.csproj", "{28633C14-5AD2-409B-B653-E668B88D2B58}"
EndProject
Project("{FAE04EC0-301F-11D3-BF4B-00C04F79EFBC}") = "Ezrx.Rhino", "labs\Ezrx.Rhino\Ezrx.Rhino.csproj", "{C722A3BC-C881-4AE0-A61D-E6EBA05604B5}"
EndProject
Project("{9A19103F-16F7-4668-BE54-9A1E7A4F7556}") = "GithubAuthTest", "labs\GithubAuthTest\GithubAuthTest.csproj", "{9DDB987A-07BE-4F84-8B93-48AFF67D3583}"
EndProject
Project("{9A19103F-16F7-4668-BE54-9A1E7A4F7556}") = "Ara3D.Core", "src\Ara3D.Core\Ara3D.Core.csproj", "{1E2380C6-C160-43B5-98C3-EE260BE0F5D7}"
EndProject
Project("{9A19103F-16F7-4668-BE54-9A1E7A4F7556}") = "Ara3D.Bowerbird.Wpf", "labs\Ara3D.Bowerbird.Wpf\Ara3D.Bowerbird.Wpf.csproj", "{C7F7CD49-6840-46F8-9447-C0E04B5881CF}"
EndProject
Project("{9A19103F-16F7-4668-BE54-9A1E7A4F7556}") = "Ara3D.Bowerbird.Wpf.Demo", "labs\Ara3D.Bowerbird.Wpf.Demo\Ara3D.Bowerbird.Wpf.Demo.csproj", "{2A0BF454-F52F-488F-BD77-B67718DC839C}"
EndProject
Project("{9A19103F-16F7-4668-BE54-9A1E7A4F7556}") = "SandboxConsole", "labs\SandboxConsole\SandboxConsole.csproj", "{C6C5DFA3-B5D0-47BD-BA9B-9CD9629CF395}"
EndProject
Project("{9A19103F-16F7-4668-BE54-9A1E7A4F7556}") = "Ara3D.Core.Tests", "tests\Ara3D.Core.Tests\Ara3D.Core.Tests.csproj", "{18148AEE-492F-4BD3-A405-435908452607}"
EndProject
Project("{9A19103F-16F7-4668-BE54-9A1E7A4F7556}") = "KiwiMarkdownEditor", "labs\KiwiMarkdownEditor\KiwiMarkdownEditor.csproj", "{68B815E3-0221-4506-9236-9CA23E18CA4E}"
EndProject
Project("{FAE04EC0-301F-11D3-BF4B-00C04F79EFBC}") = "Ara3D.SVG.Creator", "labs\Ara3D.SVG.Creator\Ara3D.SVG.Creator.csproj", "{3F9417E6-5752-4E43-A829-97C0F70F5F8D}"
EndProject
Global
	GlobalSection(SolutionConfigurationPlatforms) = preSolution
		Debug|Any CPU = Debug|Any CPU
		Debug|x64 = Debug|x64
		Debug|x86 = Debug|x86
		Release|Any CPU = Release|Any CPU
		Release|x64 = Release|x64
		Release|x86 = Release|x86
	EndGlobalSection
	GlobalSection(ProjectConfigurationPlatforms) = postSolution
		{FA0142EE-3E5B-491C-B890-CB90B22859B1}.Debug|Any CPU.ActiveCfg = Debug|Any CPU
		{FA0142EE-3E5B-491C-B890-CB90B22859B1}.Debug|Any CPU.Build.0 = Debug|Any CPU
		{FA0142EE-3E5B-491C-B890-CB90B22859B1}.Debug|x64.ActiveCfg = Debug|Any CPU
		{FA0142EE-3E5B-491C-B890-CB90B22859B1}.Debug|x64.Build.0 = Debug|Any CPU
		{FA0142EE-3E5B-491C-B890-CB90B22859B1}.Debug|x86.ActiveCfg = Debug|Any CPU
		{FA0142EE-3E5B-491C-B890-CB90B22859B1}.Debug|x86.Build.0 = Debug|Any CPU
		{FA0142EE-3E5B-491C-B890-CB90B22859B1}.Release|Any CPU.ActiveCfg = Release|Any CPU
		{FA0142EE-3E5B-491C-B890-CB90B22859B1}.Release|Any CPU.Build.0 = Release|Any CPU
		{FA0142EE-3E5B-491C-B890-CB90B22859B1}.Release|x64.ActiveCfg = Release|Any CPU
		{FA0142EE-3E5B-491C-B890-CB90B22859B1}.Release|x64.Build.0 = Release|Any CPU
		{FA0142EE-3E5B-491C-B890-CB90B22859B1}.Release|x86.ActiveCfg = Release|Any CPU
		{FA0142EE-3E5B-491C-B890-CB90B22859B1}.Release|x86.Build.0 = Release|Any CPU
		{6A98A946-1A96-46D9-B350-8E218FDB5A21}.Debug|Any CPU.ActiveCfg = Debug|Any CPU
		{6A98A946-1A96-46D9-B350-8E218FDB5A21}.Debug|Any CPU.Build.0 = Debug|Any CPU
		{6A98A946-1A96-46D9-B350-8E218FDB5A21}.Debug|x64.ActiveCfg = Debug|Any CPU
		{6A98A946-1A96-46D9-B350-8E218FDB5A21}.Debug|x64.Build.0 = Debug|Any CPU
		{6A98A946-1A96-46D9-B350-8E218FDB5A21}.Debug|x86.ActiveCfg = Debug|Any CPU
		{6A98A946-1A96-46D9-B350-8E218FDB5A21}.Debug|x86.Build.0 = Debug|Any CPU
		{6A98A946-1A96-46D9-B350-8E218FDB5A21}.Release|Any CPU.ActiveCfg = Release|Any CPU
		{6A98A946-1A96-46D9-B350-8E218FDB5A21}.Release|Any CPU.Build.0 = Release|Any CPU
		{6A98A946-1A96-46D9-B350-8E218FDB5A21}.Release|x64.ActiveCfg = Release|Any CPU
		{6A98A946-1A96-46D9-B350-8E218FDB5A21}.Release|x64.Build.0 = Release|Any CPU
		{6A98A946-1A96-46D9-B350-8E218FDB5A21}.Release|x86.ActiveCfg = Release|Any CPU
		{6A98A946-1A96-46D9-B350-8E218FDB5A21}.Release|x86.Build.0 = Release|Any CPU
		{E52B90C6-9F2F-4C5F-BAFF-BF4F46E9C6A0}.Debug|Any CPU.ActiveCfg = Debug|Any CPU
		{E52B90C6-9F2F-4C5F-BAFF-BF4F46E9C6A0}.Debug|Any CPU.Build.0 = Debug|Any CPU
		{E52B90C6-9F2F-4C5F-BAFF-BF4F46E9C6A0}.Debug|x64.ActiveCfg = Debug|Any CPU
		{E52B90C6-9F2F-4C5F-BAFF-BF4F46E9C6A0}.Debug|x64.Build.0 = Debug|Any CPU
		{E52B90C6-9F2F-4C5F-BAFF-BF4F46E9C6A0}.Debug|x86.ActiveCfg = Debug|Any CPU
		{E52B90C6-9F2F-4C5F-BAFF-BF4F46E9C6A0}.Debug|x86.Build.0 = Debug|Any CPU
		{E52B90C6-9F2F-4C5F-BAFF-BF4F46E9C6A0}.Release|Any CPU.ActiveCfg = Release|Any CPU
		{E52B90C6-9F2F-4C5F-BAFF-BF4F46E9C6A0}.Release|Any CPU.Build.0 = Release|Any CPU
		{E52B90C6-9F2F-4C5F-BAFF-BF4F46E9C6A0}.Release|x64.ActiveCfg = Release|Any CPU
		{E52B90C6-9F2F-4C5F-BAFF-BF4F46E9C6A0}.Release|x64.Build.0 = Release|Any CPU
		{E52B90C6-9F2F-4C5F-BAFF-BF4F46E9C6A0}.Release|x86.ActiveCfg = Release|Any CPU
		{E52B90C6-9F2F-4C5F-BAFF-BF4F46E9C6A0}.Release|x86.Build.0 = Release|Any CPU
		{A4CF85B9-E63D-472B-908D-81FD7F1F70EA}.Debug|Any CPU.ActiveCfg = Debug|Any CPU
		{A4CF85B9-E63D-472B-908D-81FD7F1F70EA}.Debug|Any CPU.Build.0 = Debug|Any CPU
		{A4CF85B9-E63D-472B-908D-81FD7F1F70EA}.Debug|x64.ActiveCfg = Debug|Any CPU
		{A4CF85B9-E63D-472B-908D-81FD7F1F70EA}.Debug|x64.Build.0 = Debug|Any CPU
		{A4CF85B9-E63D-472B-908D-81FD7F1F70EA}.Debug|x86.ActiveCfg = Debug|Any CPU
		{A4CF85B9-E63D-472B-908D-81FD7F1F70EA}.Debug|x86.Build.0 = Debug|Any CPU
		{A4CF85B9-E63D-472B-908D-81FD7F1F70EA}.Release|Any CPU.ActiveCfg = Release|Any CPU
		{A4CF85B9-E63D-472B-908D-81FD7F1F70EA}.Release|Any CPU.Build.0 = Release|Any CPU
		{A4CF85B9-E63D-472B-908D-81FD7F1F70EA}.Release|x64.ActiveCfg = Release|Any CPU
		{A4CF85B9-E63D-472B-908D-81FD7F1F70EA}.Release|x64.Build.0 = Release|Any CPU
		{A4CF85B9-E63D-472B-908D-81FD7F1F70EA}.Release|x86.ActiveCfg = Release|Any CPU
		{A4CF85B9-E63D-472B-908D-81FD7F1F70EA}.Release|x86.Build.0 = Release|Any CPU
		{C2A1F310-166F-49B4-B9B9-ECB937D53FE2}.Debug|Any CPU.ActiveCfg = Debug|Any CPU
		{C2A1F310-166F-49B4-B9B9-ECB937D53FE2}.Debug|Any CPU.Build.0 = Debug|Any CPU
		{C2A1F310-166F-49B4-B9B9-ECB937D53FE2}.Debug|x64.ActiveCfg = Debug|Any CPU
		{C2A1F310-166F-49B4-B9B9-ECB937D53FE2}.Debug|x64.Build.0 = Debug|Any CPU
		{C2A1F310-166F-49B4-B9B9-ECB937D53FE2}.Debug|x86.ActiveCfg = Debug|Any CPU
		{C2A1F310-166F-49B4-B9B9-ECB937D53FE2}.Debug|x86.Build.0 = Debug|Any CPU
		{C2A1F310-166F-49B4-B9B9-ECB937D53FE2}.Release|Any CPU.ActiveCfg = Release|Any CPU
		{C2A1F310-166F-49B4-B9B9-ECB937D53FE2}.Release|Any CPU.Build.0 = Release|Any CPU
		{C2A1F310-166F-49B4-B9B9-ECB937D53FE2}.Release|x64.ActiveCfg = Release|Any CPU
		{C2A1F310-166F-49B4-B9B9-ECB937D53FE2}.Release|x64.Build.0 = Release|Any CPU
		{C2A1F310-166F-49B4-B9B9-ECB937D53FE2}.Release|x86.ActiveCfg = Release|Any CPU
		{C2A1F310-166F-49B4-B9B9-ECB937D53FE2}.Release|x86.Build.0 = Release|Any CPU
		{F663614F-A559-4F7A-9647-57EE46D16267}.Debug|Any CPU.ActiveCfg = Debug|Any CPU
		{F663614F-A559-4F7A-9647-57EE46D16267}.Debug|Any CPU.Build.0 = Debug|Any CPU
		{F663614F-A559-4F7A-9647-57EE46D16267}.Debug|x64.ActiveCfg = Debug|Any CPU
		{F663614F-A559-4F7A-9647-57EE46D16267}.Debug|x64.Build.0 = Debug|Any CPU
		{F663614F-A559-4F7A-9647-57EE46D16267}.Debug|x86.ActiveCfg = Debug|Any CPU
		{F663614F-A559-4F7A-9647-57EE46D16267}.Debug|x86.Build.0 = Debug|Any CPU
		{F663614F-A559-4F7A-9647-57EE46D16267}.Release|Any CPU.ActiveCfg = Release|Any CPU
		{F663614F-A559-4F7A-9647-57EE46D16267}.Release|Any CPU.Build.0 = Release|Any CPU
		{F663614F-A559-4F7A-9647-57EE46D16267}.Release|x64.ActiveCfg = Release|Any CPU
		{F663614F-A559-4F7A-9647-57EE46D16267}.Release|x64.Build.0 = Release|Any CPU
		{F663614F-A559-4F7A-9647-57EE46D16267}.Release|x86.ActiveCfg = Release|Any CPU
		{F663614F-A559-4F7A-9647-57EE46D16267}.Release|x86.Build.0 = Release|Any CPU
		{F831E5C7-ABC5-476A-88CB-638783F266D0}.Debug|Any CPU.ActiveCfg = Debug|x64
		{F831E5C7-ABC5-476A-88CB-638783F266D0}.Debug|Any CPU.Build.0 = Debug|x64
		{F831E5C7-ABC5-476A-88CB-638783F266D0}.Debug|x64.ActiveCfg = Debug|x64
		{F831E5C7-ABC5-476A-88CB-638783F266D0}.Debug|x64.Build.0 = Debug|x64
		{F831E5C7-ABC5-476A-88CB-638783F266D0}.Debug|x86.ActiveCfg = Debug|x64
		{F831E5C7-ABC5-476A-88CB-638783F266D0}.Debug|x86.Build.0 = Debug|x64
		{F831E5C7-ABC5-476A-88CB-638783F266D0}.Release|Any CPU.ActiveCfg = Release|x64
		{F831E5C7-ABC5-476A-88CB-638783F266D0}.Release|Any CPU.Build.0 = Release|x64
		{F831E5C7-ABC5-476A-88CB-638783F266D0}.Release|x64.ActiveCfg = Release|x64
		{F831E5C7-ABC5-476A-88CB-638783F266D0}.Release|x64.Build.0 = Release|x64
		{F831E5C7-ABC5-476A-88CB-638783F266D0}.Release|x86.ActiveCfg = Release|x64
		{F831E5C7-ABC5-476A-88CB-638783F266D0}.Release|x86.Build.0 = Release|x64
		{5D83BB5C-A1EF-4376-B87C-F2214ADDC699}.Debug|Any CPU.ActiveCfg = Debug|Any CPU
		{5D83BB5C-A1EF-4376-B87C-F2214ADDC699}.Debug|Any CPU.Build.0 = Debug|Any CPU
		{5D83BB5C-A1EF-4376-B87C-F2214ADDC699}.Debug|x64.ActiveCfg = Debug|Any CPU
		{5D83BB5C-A1EF-4376-B87C-F2214ADDC699}.Debug|x64.Build.0 = Debug|Any CPU
		{5D83BB5C-A1EF-4376-B87C-F2214ADDC699}.Debug|x86.ActiveCfg = Debug|Any CPU
		{5D83BB5C-A1EF-4376-B87C-F2214ADDC699}.Debug|x86.Build.0 = Debug|Any CPU
		{5D83BB5C-A1EF-4376-B87C-F2214ADDC699}.Release|Any CPU.ActiveCfg = Release|Any CPU
		{5D83BB5C-A1EF-4376-B87C-F2214ADDC699}.Release|Any CPU.Build.0 = Release|Any CPU
		{5D83BB5C-A1EF-4376-B87C-F2214ADDC699}.Release|x64.ActiveCfg = Release|Any CPU
		{5D83BB5C-A1EF-4376-B87C-F2214ADDC699}.Release|x64.Build.0 = Release|Any CPU
		{5D83BB5C-A1EF-4376-B87C-F2214ADDC699}.Release|x86.ActiveCfg = Release|Any CPU
		{5D83BB5C-A1EF-4376-B87C-F2214ADDC699}.Release|x86.Build.0 = Release|Any CPU
		{C2989064-7468-4173-ADB5-8E935274CDCC}.Debug|Any CPU.ActiveCfg = Debug|Any CPU
		{C2989064-7468-4173-ADB5-8E935274CDCC}.Debug|Any CPU.Build.0 = Debug|Any CPU
		{C2989064-7468-4173-ADB5-8E935274CDCC}.Debug|x64.ActiveCfg = Debug|Any CPU
		{C2989064-7468-4173-ADB5-8E935274CDCC}.Debug|x64.Build.0 = Debug|Any CPU
		{C2989064-7468-4173-ADB5-8E935274CDCC}.Debug|x86.ActiveCfg = Debug|Any CPU
		{C2989064-7468-4173-ADB5-8E935274CDCC}.Debug|x86.Build.0 = Debug|Any CPU
		{C2989064-7468-4173-ADB5-8E935274CDCC}.Release|Any CPU.ActiveCfg = Release|Any CPU
		{C2989064-7468-4173-ADB5-8E935274CDCC}.Release|Any CPU.Build.0 = Release|Any CPU
		{C2989064-7468-4173-ADB5-8E935274CDCC}.Release|x64.ActiveCfg = Release|Any CPU
		{C2989064-7468-4173-ADB5-8E935274CDCC}.Release|x64.Build.0 = Release|Any CPU
		{C2989064-7468-4173-ADB5-8E935274CDCC}.Release|x86.ActiveCfg = Release|Any CPU
		{C2989064-7468-4173-ADB5-8E935274CDCC}.Release|x86.Build.0 = Release|Any CPU
		{9DDEB13C-A6D4-49E6-8E50-21A3C5931414}.Debug|Any CPU.ActiveCfg = Debug|Any CPU
		{9DDEB13C-A6D4-49E6-8E50-21A3C5931414}.Debug|Any CPU.Build.0 = Debug|Any CPU
		{9DDEB13C-A6D4-49E6-8E50-21A3C5931414}.Debug|x64.ActiveCfg = Debug|Any CPU
		{9DDEB13C-A6D4-49E6-8E50-21A3C5931414}.Debug|x64.Build.0 = Debug|Any CPU
		{9DDEB13C-A6D4-49E6-8E50-21A3C5931414}.Debug|x86.ActiveCfg = Debug|Any CPU
		{9DDEB13C-A6D4-49E6-8E50-21A3C5931414}.Debug|x86.Build.0 = Debug|Any CPU
		{9DDEB13C-A6D4-49E6-8E50-21A3C5931414}.Release|Any CPU.ActiveCfg = Release|Any CPU
		{9DDEB13C-A6D4-49E6-8E50-21A3C5931414}.Release|Any CPU.Build.0 = Release|Any CPU
		{9DDEB13C-A6D4-49E6-8E50-21A3C5931414}.Release|x64.ActiveCfg = Release|Any CPU
		{9DDEB13C-A6D4-49E6-8E50-21A3C5931414}.Release|x64.Build.0 = Release|Any CPU
		{9DDEB13C-A6D4-49E6-8E50-21A3C5931414}.Release|x86.ActiveCfg = Release|Any CPU
		{9DDEB13C-A6D4-49E6-8E50-21A3C5931414}.Release|x86.Build.0 = Release|Any CPU
		{2BB0F7C3-4EFC-4F9E-985D-CFF963AE5353}.Debug|Any CPU.ActiveCfg = Debug|Any CPU
		{2BB0F7C3-4EFC-4F9E-985D-CFF963AE5353}.Debug|Any CPU.Build.0 = Debug|Any CPU
		{2BB0F7C3-4EFC-4F9E-985D-CFF963AE5353}.Debug|x64.ActiveCfg = Debug|Any CPU
		{2BB0F7C3-4EFC-4F9E-985D-CFF963AE5353}.Debug|x64.Build.0 = Debug|Any CPU
		{2BB0F7C3-4EFC-4F9E-985D-CFF963AE5353}.Debug|x86.ActiveCfg = Debug|Any CPU
		{2BB0F7C3-4EFC-4F9E-985D-CFF963AE5353}.Debug|x86.Build.0 = Debug|Any CPU
		{2BB0F7C3-4EFC-4F9E-985D-CFF963AE5353}.Release|Any CPU.ActiveCfg = Release|Any CPU
		{2BB0F7C3-4EFC-4F9E-985D-CFF963AE5353}.Release|Any CPU.Build.0 = Release|Any CPU
		{2BB0F7C3-4EFC-4F9E-985D-CFF963AE5353}.Release|x64.ActiveCfg = Release|Any CPU
		{2BB0F7C3-4EFC-4F9E-985D-CFF963AE5353}.Release|x64.Build.0 = Release|Any CPU
		{2BB0F7C3-4EFC-4F9E-985D-CFF963AE5353}.Release|x86.ActiveCfg = Release|Any CPU
		{2BB0F7C3-4EFC-4F9E-985D-CFF963AE5353}.Release|x86.Build.0 = Release|Any CPU
		{D5AA20AA-79D7-4D58-9CAF-45A07340C354}.Debug|Any CPU.ActiveCfg = Debug|Any CPU
		{D5AA20AA-79D7-4D58-9CAF-45A07340C354}.Debug|Any CPU.Build.0 = Debug|Any CPU
		{D5AA20AA-79D7-4D58-9CAF-45A07340C354}.Debug|x64.ActiveCfg = Debug|Any CPU
		{D5AA20AA-79D7-4D58-9CAF-45A07340C354}.Debug|x64.Build.0 = Debug|Any CPU
		{D5AA20AA-79D7-4D58-9CAF-45A07340C354}.Debug|x86.ActiveCfg = Debug|Any CPU
		{D5AA20AA-79D7-4D58-9CAF-45A07340C354}.Debug|x86.Build.0 = Debug|Any CPU
		{D5AA20AA-79D7-4D58-9CAF-45A07340C354}.Release|Any CPU.ActiveCfg = Release|Any CPU
		{D5AA20AA-79D7-4D58-9CAF-45A07340C354}.Release|Any CPU.Build.0 = Release|Any CPU
		{D5AA20AA-79D7-4D58-9CAF-45A07340C354}.Release|x64.ActiveCfg = Release|Any CPU
		{D5AA20AA-79D7-4D58-9CAF-45A07340C354}.Release|x64.Build.0 = Release|Any CPU
		{D5AA20AA-79D7-4D58-9CAF-45A07340C354}.Release|x86.ActiveCfg = Release|Any CPU
		{D5AA20AA-79D7-4D58-9CAF-45A07340C354}.Release|x86.Build.0 = Release|Any CPU
		{31E7BD94-C662-4A29-8048-9801742E0A9A}.Debug|Any CPU.ActiveCfg = Debug|Any CPU
		{31E7BD94-C662-4A29-8048-9801742E0A9A}.Debug|Any CPU.Build.0 = Debug|Any CPU
		{31E7BD94-C662-4A29-8048-9801742E0A9A}.Debug|x64.ActiveCfg = Debug|Any CPU
		{31E7BD94-C662-4A29-8048-9801742E0A9A}.Debug|x64.Build.0 = Debug|Any CPU
		{31E7BD94-C662-4A29-8048-9801742E0A9A}.Debug|x86.ActiveCfg = Debug|Any CPU
		{31E7BD94-C662-4A29-8048-9801742E0A9A}.Debug|x86.Build.0 = Debug|Any CPU
		{31E7BD94-C662-4A29-8048-9801742E0A9A}.Release|Any CPU.ActiveCfg = Release|Any CPU
		{31E7BD94-C662-4A29-8048-9801742E0A9A}.Release|Any CPU.Build.0 = Release|Any CPU
		{31E7BD94-C662-4A29-8048-9801742E0A9A}.Release|x64.ActiveCfg = Release|Any CPU
		{31E7BD94-C662-4A29-8048-9801742E0A9A}.Release|x64.Build.0 = Release|Any CPU
		{31E7BD94-C662-4A29-8048-9801742E0A9A}.Release|x86.ActiveCfg = Release|Any CPU
		{31E7BD94-C662-4A29-8048-9801742E0A9A}.Release|x86.Build.0 = Release|Any CPU
		{A763689E-D5C2-4A25-8A3F-9CEAF8BB3132}.Debug|Any CPU.ActiveCfg = Debug|Any CPU
		{A763689E-D5C2-4A25-8A3F-9CEAF8BB3132}.Debug|Any CPU.Build.0 = Debug|Any CPU
		{A763689E-D5C2-4A25-8A3F-9CEAF8BB3132}.Debug|x64.ActiveCfg = Debug|Any CPU
		{A763689E-D5C2-4A25-8A3F-9CEAF8BB3132}.Debug|x64.Build.0 = Debug|Any CPU
		{A763689E-D5C2-4A25-8A3F-9CEAF8BB3132}.Debug|x86.ActiveCfg = Debug|Any CPU
		{A763689E-D5C2-4A25-8A3F-9CEAF8BB3132}.Debug|x86.Build.0 = Debug|Any CPU
		{A763689E-D5C2-4A25-8A3F-9CEAF8BB3132}.Release|Any CPU.ActiveCfg = Release|Any CPU
		{A763689E-D5C2-4A25-8A3F-9CEAF8BB3132}.Release|Any CPU.Build.0 = Release|Any CPU
		{A763689E-D5C2-4A25-8A3F-9CEAF8BB3132}.Release|x64.ActiveCfg = Release|Any CPU
		{A763689E-D5C2-4A25-8A3F-9CEAF8BB3132}.Release|x64.Build.0 = Release|Any CPU
		{A763689E-D5C2-4A25-8A3F-9CEAF8BB3132}.Release|x86.ActiveCfg = Release|Any CPU
		{A763689E-D5C2-4A25-8A3F-9CEAF8BB3132}.Release|x86.Build.0 = Release|Any CPU
		{D8A73FCE-D522-44E6-AEA6-E76EA1342CFB}.Debug|Any CPU.ActiveCfg = Debug|Any CPU
		{D8A73FCE-D522-44E6-AEA6-E76EA1342CFB}.Debug|Any CPU.Build.0 = Debug|Any CPU
		{D8A73FCE-D522-44E6-AEA6-E76EA1342CFB}.Debug|x64.ActiveCfg = Debug|Any CPU
		{D8A73FCE-D522-44E6-AEA6-E76EA1342CFB}.Debug|x64.Build.0 = Debug|Any CPU
		{D8A73FCE-D522-44E6-AEA6-E76EA1342CFB}.Debug|x86.ActiveCfg = Debug|Any CPU
		{D8A73FCE-D522-44E6-AEA6-E76EA1342CFB}.Debug|x86.Build.0 = Debug|Any CPU
		{D8A73FCE-D522-44E6-AEA6-E76EA1342CFB}.Release|Any CPU.ActiveCfg = Release|Any CPU
		{D8A73FCE-D522-44E6-AEA6-E76EA1342CFB}.Release|Any CPU.Build.0 = Release|Any CPU
		{D8A73FCE-D522-44E6-AEA6-E76EA1342CFB}.Release|x64.ActiveCfg = Release|Any CPU
		{D8A73FCE-D522-44E6-AEA6-E76EA1342CFB}.Release|x64.Build.0 = Release|Any CPU
		{D8A73FCE-D522-44E6-AEA6-E76EA1342CFB}.Release|x86.ActiveCfg = Release|Any CPU
		{D8A73FCE-D522-44E6-AEA6-E76EA1342CFB}.Release|x86.Build.0 = Release|Any CPU
		{242737B1-EE3C-4885-B6D0-90D484654DAF}.Debug|Any CPU.ActiveCfg = Debug|Any CPU
		{242737B1-EE3C-4885-B6D0-90D484654DAF}.Debug|Any CPU.Build.0 = Debug|Any CPU
		{242737B1-EE3C-4885-B6D0-90D484654DAF}.Debug|x64.ActiveCfg = Debug|Any CPU
		{242737B1-EE3C-4885-B6D0-90D484654DAF}.Debug|x64.Build.0 = Debug|Any CPU
		{242737B1-EE3C-4885-B6D0-90D484654DAF}.Debug|x86.ActiveCfg = Debug|Any CPU
		{242737B1-EE3C-4885-B6D0-90D484654DAF}.Debug|x86.Build.0 = Debug|Any CPU
		{242737B1-EE3C-4885-B6D0-90D484654DAF}.Release|Any CPU.ActiveCfg = Release|Any CPU
		{242737B1-EE3C-4885-B6D0-90D484654DAF}.Release|Any CPU.Build.0 = Release|Any CPU
		{242737B1-EE3C-4885-B6D0-90D484654DAF}.Release|x64.ActiveCfg = Release|Any CPU
		{242737B1-EE3C-4885-B6D0-90D484654DAF}.Release|x64.Build.0 = Release|Any CPU
		{242737B1-EE3C-4885-B6D0-90D484654DAF}.Release|x86.ActiveCfg = Release|Any CPU
		{242737B1-EE3C-4885-B6D0-90D484654DAF}.Release|x86.Build.0 = Release|Any CPU
		{73251016-7226-48F8-8B9D-826F5661FA95}.Debug|Any CPU.ActiveCfg = Debug|Any CPU
		{73251016-7226-48F8-8B9D-826F5661FA95}.Debug|Any CPU.Build.0 = Debug|Any CPU
		{73251016-7226-48F8-8B9D-826F5661FA95}.Debug|x64.ActiveCfg = Debug|Any CPU
		{73251016-7226-48F8-8B9D-826F5661FA95}.Debug|x64.Build.0 = Debug|Any CPU
		{73251016-7226-48F8-8B9D-826F5661FA95}.Debug|x86.ActiveCfg = Debug|Any CPU
		{73251016-7226-48F8-8B9D-826F5661FA95}.Debug|x86.Build.0 = Debug|Any CPU
		{73251016-7226-48F8-8B9D-826F5661FA95}.Release|Any CPU.ActiveCfg = Release|Any CPU
		{73251016-7226-48F8-8B9D-826F5661FA95}.Release|Any CPU.Build.0 = Release|Any CPU
		{73251016-7226-48F8-8B9D-826F5661FA95}.Release|x64.ActiveCfg = Release|Any CPU
		{73251016-7226-48F8-8B9D-826F5661FA95}.Release|x64.Build.0 = Release|Any CPU
		{73251016-7226-48F8-8B9D-826F5661FA95}.Release|x86.ActiveCfg = Release|Any CPU
		{73251016-7226-48F8-8B9D-826F5661FA95}.Release|x86.Build.0 = Release|Any CPU
		{DD087C42-7DE3-4DC2-8503-8DA8384B86F9}.Debug|Any CPU.ActiveCfg = Debug|Any CPU
		{DD087C42-7DE3-4DC2-8503-8DA8384B86F9}.Debug|Any CPU.Build.0 = Debug|Any CPU
		{DD087C42-7DE3-4DC2-8503-8DA8384B86F9}.Debug|x64.ActiveCfg = Debug|Any CPU
		{DD087C42-7DE3-4DC2-8503-8DA8384B86F9}.Debug|x64.Build.0 = Debug|Any CPU
		{DD087C42-7DE3-4DC2-8503-8DA8384B86F9}.Debug|x86.ActiveCfg = Debug|Any CPU
		{DD087C42-7DE3-4DC2-8503-8DA8384B86F9}.Debug|x86.Build.0 = Debug|Any CPU
		{DD087C42-7DE3-4DC2-8503-8DA8384B86F9}.Release|Any CPU.ActiveCfg = Release|Any CPU
		{DD087C42-7DE3-4DC2-8503-8DA8384B86F9}.Release|Any CPU.Build.0 = Release|Any CPU
		{DD087C42-7DE3-4DC2-8503-8DA8384B86F9}.Release|x64.ActiveCfg = Release|Any CPU
		{DD087C42-7DE3-4DC2-8503-8DA8384B86F9}.Release|x64.Build.0 = Release|Any CPU
		{DD087C42-7DE3-4DC2-8503-8DA8384B86F9}.Release|x86.ActiveCfg = Release|Any CPU
		{DD087C42-7DE3-4DC2-8503-8DA8384B86F9}.Release|x86.Build.0 = Release|Any CPU
		{F641DE77-D377-4D49-AB4D-A9100E709CC5}.Debug|Any CPU.ActiveCfg = Debug|Any CPU
		{F641DE77-D377-4D49-AB4D-A9100E709CC5}.Debug|Any CPU.Build.0 = Debug|Any CPU
		{F641DE77-D377-4D49-AB4D-A9100E709CC5}.Debug|x64.ActiveCfg = Debug|Any CPU
		{F641DE77-D377-4D49-AB4D-A9100E709CC5}.Debug|x64.Build.0 = Debug|Any CPU
		{F641DE77-D377-4D49-AB4D-A9100E709CC5}.Debug|x86.ActiveCfg = Debug|Any CPU
		{F641DE77-D377-4D49-AB4D-A9100E709CC5}.Debug|x86.Build.0 = Debug|Any CPU
		{F641DE77-D377-4D49-AB4D-A9100E709CC5}.Release|Any CPU.ActiveCfg = Release|Any CPU
		{F641DE77-D377-4D49-AB4D-A9100E709CC5}.Release|Any CPU.Build.0 = Release|Any CPU
		{F641DE77-D377-4D49-AB4D-A9100E709CC5}.Release|x64.ActiveCfg = Release|Any CPU
		{F641DE77-D377-4D49-AB4D-A9100E709CC5}.Release|x64.Build.0 = Release|Any CPU
		{F641DE77-D377-4D49-AB4D-A9100E709CC5}.Release|x86.ActiveCfg = Release|Any CPU
		{F641DE77-D377-4D49-AB4D-A9100E709CC5}.Release|x86.Build.0 = Release|Any CPU
		{E616A0C0-1271-4DE4-887C-308C39144336}.Debug|Any CPU.ActiveCfg = Debug|Any CPU
		{E616A0C0-1271-4DE4-887C-308C39144336}.Debug|Any CPU.Build.0 = Debug|Any CPU
		{E616A0C0-1271-4DE4-887C-308C39144336}.Debug|x64.ActiveCfg = Debug|Any CPU
		{E616A0C0-1271-4DE4-887C-308C39144336}.Debug|x64.Build.0 = Debug|Any CPU
		{E616A0C0-1271-4DE4-887C-308C39144336}.Debug|x86.ActiveCfg = Debug|Any CPU
		{E616A0C0-1271-4DE4-887C-308C39144336}.Debug|x86.Build.0 = Debug|Any CPU
		{E616A0C0-1271-4DE4-887C-308C39144336}.Release|Any CPU.ActiveCfg = Release|Any CPU
		{E616A0C0-1271-4DE4-887C-308C39144336}.Release|Any CPU.Build.0 = Release|Any CPU
		{E616A0C0-1271-4DE4-887C-308C39144336}.Release|x64.ActiveCfg = Release|Any CPU
		{E616A0C0-1271-4DE4-887C-308C39144336}.Release|x64.Build.0 = Release|Any CPU
		{E616A0C0-1271-4DE4-887C-308C39144336}.Release|x86.ActiveCfg = Release|Any CPU
		{E616A0C0-1271-4DE4-887C-308C39144336}.Release|x86.Build.0 = Release|Any CPU
		{BC1A5B04-8C37-4DA5-8CA7-D6EE7EE84E0B}.Debug|Any CPU.ActiveCfg = Debug|x64
		{BC1A5B04-8C37-4DA5-8CA7-D6EE7EE84E0B}.Debug|Any CPU.Build.0 = Debug|x64
		{BC1A5B04-8C37-4DA5-8CA7-D6EE7EE84E0B}.Debug|x64.ActiveCfg = Debug|x64
		{BC1A5B04-8C37-4DA5-8CA7-D6EE7EE84E0B}.Debug|x64.Build.0 = Debug|x64
		{BC1A5B04-8C37-4DA5-8CA7-D6EE7EE84E0B}.Debug|x86.ActiveCfg = Debug|x64
		{BC1A5B04-8C37-4DA5-8CA7-D6EE7EE84E0B}.Debug|x86.Build.0 = Debug|x64
		{BC1A5B04-8C37-4DA5-8CA7-D6EE7EE84E0B}.Release|Any CPU.ActiveCfg = Release|x64
		{BC1A5B04-8C37-4DA5-8CA7-D6EE7EE84E0B}.Release|Any CPU.Build.0 = Release|x64
		{BC1A5B04-8C37-4DA5-8CA7-D6EE7EE84E0B}.Release|x64.ActiveCfg = Release|x64
		{BC1A5B04-8C37-4DA5-8CA7-D6EE7EE84E0B}.Release|x64.Build.0 = Release|x64
		{BC1A5B04-8C37-4DA5-8CA7-D6EE7EE84E0B}.Release|x86.ActiveCfg = Release|x64
		{BC1A5B04-8C37-4DA5-8CA7-D6EE7EE84E0B}.Release|x86.Build.0 = Release|x64
		{F57292E8-8F2F-42C9-8FC0-7859700A7B77}.Debug|Any CPU.ActiveCfg = Debug|Any CPU
		{F57292E8-8F2F-42C9-8FC0-7859700A7B77}.Debug|Any CPU.Build.0 = Debug|Any CPU
		{F57292E8-8F2F-42C9-8FC0-7859700A7B77}.Debug|x64.ActiveCfg = Debug|Any CPU
		{F57292E8-8F2F-42C9-8FC0-7859700A7B77}.Debug|x64.Build.0 = Debug|Any CPU
		{F57292E8-8F2F-42C9-8FC0-7859700A7B77}.Debug|x86.ActiveCfg = Debug|Any CPU
		{F57292E8-8F2F-42C9-8FC0-7859700A7B77}.Debug|x86.Build.0 = Debug|Any CPU
		{F57292E8-8F2F-42C9-8FC0-7859700A7B77}.Release|Any CPU.ActiveCfg = Release|Any CPU
		{F57292E8-8F2F-42C9-8FC0-7859700A7B77}.Release|Any CPU.Build.0 = Release|Any CPU
		{F57292E8-8F2F-42C9-8FC0-7859700A7B77}.Release|x64.ActiveCfg = Release|Any CPU
		{F57292E8-8F2F-42C9-8FC0-7859700A7B77}.Release|x64.Build.0 = Release|Any CPU
		{F57292E8-8F2F-42C9-8FC0-7859700A7B77}.Release|x86.ActiveCfg = Release|Any CPU
		{F57292E8-8F2F-42C9-8FC0-7859700A7B77}.Release|x86.Build.0 = Release|Any CPU
		{990AC98B-328E-44E4-AB32-B156D910FDDC}.Debug|Any CPU.ActiveCfg = Debug|Any CPU
		{990AC98B-328E-44E4-AB32-B156D910FDDC}.Debug|Any CPU.Build.0 = Debug|Any CPU
		{990AC98B-328E-44E4-AB32-B156D910FDDC}.Debug|x64.ActiveCfg = Debug|Any CPU
		{990AC98B-328E-44E4-AB32-B156D910FDDC}.Debug|x64.Build.0 = Debug|Any CPU
		{990AC98B-328E-44E4-AB32-B156D910FDDC}.Debug|x86.ActiveCfg = Debug|Any CPU
		{990AC98B-328E-44E4-AB32-B156D910FDDC}.Debug|x86.Build.0 = Debug|Any CPU
		{990AC98B-328E-44E4-AB32-B156D910FDDC}.Release|Any CPU.ActiveCfg = Release|Any CPU
		{990AC98B-328E-44E4-AB32-B156D910FDDC}.Release|Any CPU.Build.0 = Release|Any CPU
		{990AC98B-328E-44E4-AB32-B156D910FDDC}.Release|x64.ActiveCfg = Release|Any CPU
		{990AC98B-328E-44E4-AB32-B156D910FDDC}.Release|x64.Build.0 = Release|Any CPU
		{990AC98B-328E-44E4-AB32-B156D910FDDC}.Release|x86.ActiveCfg = Release|Any CPU
		{990AC98B-328E-44E4-AB32-B156D910FDDC}.Release|x86.Build.0 = Release|Any CPU
		{D841A5AE-CCD8-4A63-AACE-D5C013B36E9A}.Debug|Any CPU.ActiveCfg = Debug|Any CPU
		{D841A5AE-CCD8-4A63-AACE-D5C013B36E9A}.Debug|Any CPU.Build.0 = Debug|Any CPU
		{D841A5AE-CCD8-4A63-AACE-D5C013B36E9A}.Debug|x64.ActiveCfg = Debug|Any CPU
		{D841A5AE-CCD8-4A63-AACE-D5C013B36E9A}.Debug|x64.Build.0 = Debug|Any CPU
		{D841A5AE-CCD8-4A63-AACE-D5C013B36E9A}.Debug|x86.ActiveCfg = Debug|Any CPU
		{D841A5AE-CCD8-4A63-AACE-D5C013B36E9A}.Debug|x86.Build.0 = Debug|Any CPU
		{D841A5AE-CCD8-4A63-AACE-D5C013B36E9A}.Release|Any CPU.ActiveCfg = Release|Any CPU
		{D841A5AE-CCD8-4A63-AACE-D5C013B36E9A}.Release|Any CPU.Build.0 = Release|Any CPU
		{D841A5AE-CCD8-4A63-AACE-D5C013B36E9A}.Release|x64.ActiveCfg = Release|Any CPU
		{D841A5AE-CCD8-4A63-AACE-D5C013B36E9A}.Release|x64.Build.0 = Release|Any CPU
		{D841A5AE-CCD8-4A63-AACE-D5C013B36E9A}.Release|x86.ActiveCfg = Release|Any CPU
		{D841A5AE-CCD8-4A63-AACE-D5C013B36E9A}.Release|x86.Build.0 = Release|Any CPU
		{A26C8000-17C2-43B8-A1D5-1176376741A9}.Debug|Any CPU.ActiveCfg = Debug|Any CPU
		{A26C8000-17C2-43B8-A1D5-1176376741A9}.Debug|Any CPU.Build.0 = Debug|Any CPU
		{A26C8000-17C2-43B8-A1D5-1176376741A9}.Debug|x64.ActiveCfg = Debug|Any CPU
		{A26C8000-17C2-43B8-A1D5-1176376741A9}.Debug|x64.Build.0 = Debug|Any CPU
		{A26C8000-17C2-43B8-A1D5-1176376741A9}.Debug|x86.ActiveCfg = Debug|Any CPU
		{A26C8000-17C2-43B8-A1D5-1176376741A9}.Debug|x86.Build.0 = Debug|Any CPU
		{A26C8000-17C2-43B8-A1D5-1176376741A9}.Release|Any CPU.ActiveCfg = Release|Any CPU
		{A26C8000-17C2-43B8-A1D5-1176376741A9}.Release|Any CPU.Build.0 = Release|Any CPU
		{A26C8000-17C2-43B8-A1D5-1176376741A9}.Release|x64.ActiveCfg = Release|Any CPU
		{A26C8000-17C2-43B8-A1D5-1176376741A9}.Release|x64.Build.0 = Release|Any CPU
		{A26C8000-17C2-43B8-A1D5-1176376741A9}.Release|x86.ActiveCfg = Release|Any CPU
		{A26C8000-17C2-43B8-A1D5-1176376741A9}.Release|x86.Build.0 = Release|Any CPU
		{54EDAD8E-0960-462B-A4F1-4E82C9F8275F}.Debug|Any CPU.ActiveCfg = Debug|Any CPU
		{54EDAD8E-0960-462B-A4F1-4E82C9F8275F}.Debug|Any CPU.Build.0 = Debug|Any CPU
		{54EDAD8E-0960-462B-A4F1-4E82C9F8275F}.Debug|x64.ActiveCfg = Debug|Any CPU
		{54EDAD8E-0960-462B-A4F1-4E82C9F8275F}.Debug|x64.Build.0 = Debug|Any CPU
		{54EDAD8E-0960-462B-A4F1-4E82C9F8275F}.Debug|x86.ActiveCfg = Debug|Any CPU
		{54EDAD8E-0960-462B-A4F1-4E82C9F8275F}.Debug|x86.Build.0 = Debug|Any CPU
		{54EDAD8E-0960-462B-A4F1-4E82C9F8275F}.Release|Any CPU.ActiveCfg = Release|Any CPU
		{54EDAD8E-0960-462B-A4F1-4E82C9F8275F}.Release|Any CPU.Build.0 = Release|Any CPU
		{54EDAD8E-0960-462B-A4F1-4E82C9F8275F}.Release|x64.ActiveCfg = Release|Any CPU
		{54EDAD8E-0960-462B-A4F1-4E82C9F8275F}.Release|x64.Build.0 = Release|Any CPU
		{54EDAD8E-0960-462B-A4F1-4E82C9F8275F}.Release|x86.ActiveCfg = Release|Any CPU
		{54EDAD8E-0960-462B-A4F1-4E82C9F8275F}.Release|x86.Build.0 = Release|Any CPU
		{7A9E158E-3F00-431B-A8A6-BE3D6E6989E6}.Debug|Any CPU.ActiveCfg = Debug|Any CPU
		{7A9E158E-3F00-431B-A8A6-BE3D6E6989E6}.Debug|Any CPU.Build.0 = Debug|Any CPU
		{7A9E158E-3F00-431B-A8A6-BE3D6E6989E6}.Debug|x64.ActiveCfg = Debug|Any CPU
		{7A9E158E-3F00-431B-A8A6-BE3D6E6989E6}.Debug|x64.Build.0 = Debug|Any CPU
		{7A9E158E-3F00-431B-A8A6-BE3D6E6989E6}.Debug|x86.ActiveCfg = Debug|Any CPU
		{7A9E158E-3F00-431B-A8A6-BE3D6E6989E6}.Debug|x86.Build.0 = Debug|Any CPU
		{7A9E158E-3F00-431B-A8A6-BE3D6E6989E6}.Release|Any CPU.ActiveCfg = Release|Any CPU
		{7A9E158E-3F00-431B-A8A6-BE3D6E6989E6}.Release|Any CPU.Build.0 = Release|Any CPU
		{7A9E158E-3F00-431B-A8A6-BE3D6E6989E6}.Release|x64.ActiveCfg = Release|Any CPU
		{7A9E158E-3F00-431B-A8A6-BE3D6E6989E6}.Release|x64.Build.0 = Release|Any CPU
		{7A9E158E-3F00-431B-A8A6-BE3D6E6989E6}.Release|x86.ActiveCfg = Release|Any CPU
		{7A9E158E-3F00-431B-A8A6-BE3D6E6989E6}.Release|x86.Build.0 = Release|Any CPU
		{5CAD8885-04D4-46F4-B3FE-AC3409435CA3}.Debug|Any CPU.ActiveCfg = Debug|Any CPU
		{5CAD8885-04D4-46F4-B3FE-AC3409435CA3}.Debug|Any CPU.Build.0 = Debug|Any CPU
		{5CAD8885-04D4-46F4-B3FE-AC3409435CA3}.Debug|x64.ActiveCfg = Debug|Any CPU
		{5CAD8885-04D4-46F4-B3FE-AC3409435CA3}.Debug|x64.Build.0 = Debug|Any CPU
		{5CAD8885-04D4-46F4-B3FE-AC3409435CA3}.Debug|x86.ActiveCfg = Debug|Any CPU
		{5CAD8885-04D4-46F4-B3FE-AC3409435CA3}.Debug|x86.Build.0 = Debug|Any CPU
		{5CAD8885-04D4-46F4-B3FE-AC3409435CA3}.Release|Any CPU.ActiveCfg = Release|Any CPU
		{5CAD8885-04D4-46F4-B3FE-AC3409435CA3}.Release|Any CPU.Build.0 = Release|Any CPU
		{5CAD8885-04D4-46F4-B3FE-AC3409435CA3}.Release|x64.ActiveCfg = Release|Any CPU
		{5CAD8885-04D4-46F4-B3FE-AC3409435CA3}.Release|x64.Build.0 = Release|Any CPU
		{5CAD8885-04D4-46F4-B3FE-AC3409435CA3}.Release|x86.ActiveCfg = Release|Any CPU
		{5CAD8885-04D4-46F4-B3FE-AC3409435CA3}.Release|x86.Build.0 = Release|Any CPU
		{7A455DFD-0EC8-45A6-BFFE-35AB6CD78BAF}.Debug|Any CPU.ActiveCfg = Debug|Any CPU
		{7A455DFD-0EC8-45A6-BFFE-35AB6CD78BAF}.Debug|Any CPU.Build.0 = Debug|Any CPU
		{7A455DFD-0EC8-45A6-BFFE-35AB6CD78BAF}.Debug|x64.ActiveCfg = Debug|Any CPU
		{7A455DFD-0EC8-45A6-BFFE-35AB6CD78BAF}.Debug|x64.Build.0 = Debug|Any CPU
		{7A455DFD-0EC8-45A6-BFFE-35AB6CD78BAF}.Debug|x86.ActiveCfg = Debug|Any CPU
		{7A455DFD-0EC8-45A6-BFFE-35AB6CD78BAF}.Debug|x86.Build.0 = Debug|Any CPU
		{7A455DFD-0EC8-45A6-BFFE-35AB6CD78BAF}.Release|Any CPU.ActiveCfg = Release|Any CPU
		{7A455DFD-0EC8-45A6-BFFE-35AB6CD78BAF}.Release|Any CPU.Build.0 = Release|Any CPU
		{7A455DFD-0EC8-45A6-BFFE-35AB6CD78BAF}.Release|x64.ActiveCfg = Release|Any CPU
		{7A455DFD-0EC8-45A6-BFFE-35AB6CD78BAF}.Release|x64.Build.0 = Release|Any CPU
		{7A455DFD-0EC8-45A6-BFFE-35AB6CD78BAF}.Release|x86.ActiveCfg = Release|Any CPU
		{7A455DFD-0EC8-45A6-BFFE-35AB6CD78BAF}.Release|x86.Build.0 = Release|Any CPU
		{6B8EA878-A82D-43AF-BFEF-0E5106117F55}.Debug|Any CPU.ActiveCfg = Debug|Any CPU
		{6B8EA878-A82D-43AF-BFEF-0E5106117F55}.Debug|Any CPU.Build.0 = Debug|Any CPU
		{6B8EA878-A82D-43AF-BFEF-0E5106117F55}.Debug|x64.ActiveCfg = Debug|Any CPU
		{6B8EA878-A82D-43AF-BFEF-0E5106117F55}.Debug|x64.Build.0 = Debug|Any CPU
		{6B8EA878-A82D-43AF-BFEF-0E5106117F55}.Debug|x86.ActiveCfg = Debug|Any CPU
		{6B8EA878-A82D-43AF-BFEF-0E5106117F55}.Debug|x86.Build.0 = Debug|Any CPU
		{6B8EA878-A82D-43AF-BFEF-0E5106117F55}.Release|Any CPU.ActiveCfg = Release|Any CPU
		{6B8EA878-A82D-43AF-BFEF-0E5106117F55}.Release|Any CPU.Build.0 = Release|Any CPU
		{6B8EA878-A82D-43AF-BFEF-0E5106117F55}.Release|x64.ActiveCfg = Release|Any CPU
		{6B8EA878-A82D-43AF-BFEF-0E5106117F55}.Release|x64.Build.0 = Release|Any CPU
		{6B8EA878-A82D-43AF-BFEF-0E5106117F55}.Release|x86.ActiveCfg = Release|Any CPU
		{6B8EA878-A82D-43AF-BFEF-0E5106117F55}.Release|x86.Build.0 = Release|Any CPU
		{CE773588-717C-401F-8612-0760B27CDD34}.Debug|Any CPU.ActiveCfg = Debug|Any CPU
		{CE773588-717C-401F-8612-0760B27CDD34}.Debug|Any CPU.Build.0 = Debug|Any CPU
		{CE773588-717C-401F-8612-0760B27CDD34}.Debug|x64.ActiveCfg = Debug|Any CPU
		{CE773588-717C-401F-8612-0760B27CDD34}.Debug|x64.Build.0 = Debug|Any CPU
		{CE773588-717C-401F-8612-0760B27CDD34}.Debug|x86.ActiveCfg = Debug|Any CPU
		{CE773588-717C-401F-8612-0760B27CDD34}.Debug|x86.Build.0 = Debug|Any CPU
		{CE773588-717C-401F-8612-0760B27CDD34}.Release|Any CPU.ActiveCfg = Release|Any CPU
		{CE773588-717C-401F-8612-0760B27CDD34}.Release|Any CPU.Build.0 = Release|Any CPU
		{CE773588-717C-401F-8612-0760B27CDD34}.Release|x64.ActiveCfg = Release|Any CPU
		{CE773588-717C-401F-8612-0760B27CDD34}.Release|x64.Build.0 = Release|Any CPU
		{CE773588-717C-401F-8612-0760B27CDD34}.Release|x86.ActiveCfg = Release|Any CPU
		{CE773588-717C-401F-8612-0760B27CDD34}.Release|x86.Build.0 = Release|Any CPU
		{AC7E9FCE-AC6B-4619-B3AA-B6EB5B4AEB94}.Debug|Any CPU.ActiveCfg = Debug|Any CPU
		{AC7E9FCE-AC6B-4619-B3AA-B6EB5B4AEB94}.Debug|Any CPU.Build.0 = Debug|Any CPU
		{AC7E9FCE-AC6B-4619-B3AA-B6EB5B4AEB94}.Debug|x64.ActiveCfg = Debug|Any CPU
		{AC7E9FCE-AC6B-4619-B3AA-B6EB5B4AEB94}.Debug|x64.Build.0 = Debug|Any CPU
		{AC7E9FCE-AC6B-4619-B3AA-B6EB5B4AEB94}.Debug|x86.ActiveCfg = Debug|Any CPU
		{AC7E9FCE-AC6B-4619-B3AA-B6EB5B4AEB94}.Debug|x86.Build.0 = Debug|Any CPU
		{AC7E9FCE-AC6B-4619-B3AA-B6EB5B4AEB94}.Release|Any CPU.ActiveCfg = Release|Any CPU
		{AC7E9FCE-AC6B-4619-B3AA-B6EB5B4AEB94}.Release|Any CPU.Build.0 = Release|Any CPU
		{AC7E9FCE-AC6B-4619-B3AA-B6EB5B4AEB94}.Release|x64.ActiveCfg = Release|Any CPU
		{AC7E9FCE-AC6B-4619-B3AA-B6EB5B4AEB94}.Release|x64.Build.0 = Release|Any CPU
		{AC7E9FCE-AC6B-4619-B3AA-B6EB5B4AEB94}.Release|x86.ActiveCfg = Release|Any CPU
		{AC7E9FCE-AC6B-4619-B3AA-B6EB5B4AEB94}.Release|x86.Build.0 = Release|Any CPU
		{9E2FD283-33D9-4E41-B7C6-022E47531C1A}.Debug|Any CPU.ActiveCfg = Debug|Any CPU
		{9E2FD283-33D9-4E41-B7C6-022E47531C1A}.Debug|Any CPU.Build.0 = Debug|Any CPU
		{9E2FD283-33D9-4E41-B7C6-022E47531C1A}.Debug|x64.ActiveCfg = Debug|Any CPU
		{9E2FD283-33D9-4E41-B7C6-022E47531C1A}.Debug|x64.Build.0 = Debug|Any CPU
		{9E2FD283-33D9-4E41-B7C6-022E47531C1A}.Debug|x86.ActiveCfg = Debug|Any CPU
		{9E2FD283-33D9-4E41-B7C6-022E47531C1A}.Debug|x86.Build.0 = Debug|Any CPU
		{9E2FD283-33D9-4E41-B7C6-022E47531C1A}.Release|Any CPU.ActiveCfg = Release|Any CPU
		{9E2FD283-33D9-4E41-B7C6-022E47531C1A}.Release|Any CPU.Build.0 = Release|Any CPU
		{9E2FD283-33D9-4E41-B7C6-022E47531C1A}.Release|x64.ActiveCfg = Release|Any CPU
		{9E2FD283-33D9-4E41-B7C6-022E47531C1A}.Release|x64.Build.0 = Release|Any CPU
		{9E2FD283-33D9-4E41-B7C6-022E47531C1A}.Release|x86.ActiveCfg = Release|Any CPU
		{9E2FD283-33D9-4E41-B7C6-022E47531C1A}.Release|x86.Build.0 = Release|Any CPU
		{5D88C597-9EDE-418B-BBB7-FB7FE8397B77}.Debug|Any CPU.ActiveCfg = Debug|Any CPU
		{5D88C597-9EDE-418B-BBB7-FB7FE8397B77}.Debug|Any CPU.Build.0 = Debug|Any CPU
		{5D88C597-9EDE-418B-BBB7-FB7FE8397B77}.Debug|x64.ActiveCfg = Debug|Any CPU
		{5D88C597-9EDE-418B-BBB7-FB7FE8397B77}.Debug|x64.Build.0 = Debug|Any CPU
		{5D88C597-9EDE-418B-BBB7-FB7FE8397B77}.Debug|x86.ActiveCfg = Debug|Any CPU
		{5D88C597-9EDE-418B-BBB7-FB7FE8397B77}.Debug|x86.Build.0 = Debug|Any CPU
		{5D88C597-9EDE-418B-BBB7-FB7FE8397B77}.Release|Any CPU.ActiveCfg = Release|Any CPU
		{5D88C597-9EDE-418B-BBB7-FB7FE8397B77}.Release|Any CPU.Build.0 = Release|Any CPU
		{5D88C597-9EDE-418B-BBB7-FB7FE8397B77}.Release|x64.ActiveCfg = Release|Any CPU
		{5D88C597-9EDE-418B-BBB7-FB7FE8397B77}.Release|x64.Build.0 = Release|Any CPU
		{5D88C597-9EDE-418B-BBB7-FB7FE8397B77}.Release|x86.ActiveCfg = Release|Any CPU
		{5D88C597-9EDE-418B-BBB7-FB7FE8397B77}.Release|x86.Build.0 = Release|Any CPU
		{86F8675C-76B7-4A0A-9092-C825FCE3C085}.Debug|Any CPU.ActiveCfg = Debug|Any CPU
		{86F8675C-76B7-4A0A-9092-C825FCE3C085}.Debug|Any CPU.Build.0 = Debug|Any CPU
		{86F8675C-76B7-4A0A-9092-C825FCE3C085}.Debug|x64.ActiveCfg = Debug|Any CPU
		{86F8675C-76B7-4A0A-9092-C825FCE3C085}.Debug|x64.Build.0 = Debug|Any CPU
		{86F8675C-76B7-4A0A-9092-C825FCE3C085}.Debug|x86.ActiveCfg = Debug|Any CPU
		{86F8675C-76B7-4A0A-9092-C825FCE3C085}.Debug|x86.Build.0 = Debug|Any CPU
		{86F8675C-76B7-4A0A-9092-C825FCE3C085}.Release|Any CPU.ActiveCfg = Release|Any CPU
		{86F8675C-76B7-4A0A-9092-C825FCE3C085}.Release|Any CPU.Build.0 = Release|Any CPU
		{86F8675C-76B7-4A0A-9092-C825FCE3C085}.Release|x64.ActiveCfg = Release|Any CPU
		{86F8675C-76B7-4A0A-9092-C825FCE3C085}.Release|x64.Build.0 = Release|Any CPU
		{86F8675C-76B7-4A0A-9092-C825FCE3C085}.Release|x86.ActiveCfg = Release|Any CPU
		{86F8675C-76B7-4A0A-9092-C825FCE3C085}.Release|x86.Build.0 = Release|Any CPU
		{E608226B-62C7-45E4-B615-684B5DDDCA54}.Debug|Any CPU.ActiveCfg = Debug|Any CPU
		{E608226B-62C7-45E4-B615-684B5DDDCA54}.Debug|Any CPU.Build.0 = Debug|Any CPU
		{E608226B-62C7-45E4-B615-684B5DDDCA54}.Debug|x64.ActiveCfg = Debug|Any CPU
		{E608226B-62C7-45E4-B615-684B5DDDCA54}.Debug|x64.Build.0 = Debug|Any CPU
		{E608226B-62C7-45E4-B615-684B5DDDCA54}.Debug|x86.ActiveCfg = Debug|Any CPU
		{E608226B-62C7-45E4-B615-684B5DDDCA54}.Debug|x86.Build.0 = Debug|Any CPU
		{E608226B-62C7-45E4-B615-684B5DDDCA54}.Release|Any CPU.ActiveCfg = Release|Any CPU
		{E608226B-62C7-45E4-B615-684B5DDDCA54}.Release|Any CPU.Build.0 = Release|Any CPU
		{E608226B-62C7-45E4-B615-684B5DDDCA54}.Release|x64.ActiveCfg = Release|Any CPU
		{E608226B-62C7-45E4-B615-684B5DDDCA54}.Release|x64.Build.0 = Release|Any CPU
		{E608226B-62C7-45E4-B615-684B5DDDCA54}.Release|x86.ActiveCfg = Release|Any CPU
		{E608226B-62C7-45E4-B615-684B5DDDCA54}.Release|x86.Build.0 = Release|Any CPU
		{48586D2B-CF1A-4CF2-B6DB-429BD387431D}.Debug|Any CPU.ActiveCfg = Debug|Any CPU
		{48586D2B-CF1A-4CF2-B6DB-429BD387431D}.Debug|Any CPU.Build.0 = Debug|Any CPU
		{48586D2B-CF1A-4CF2-B6DB-429BD387431D}.Debug|x64.ActiveCfg = Debug|Any CPU
		{48586D2B-CF1A-4CF2-B6DB-429BD387431D}.Debug|x64.Build.0 = Debug|Any CPU
		{48586D2B-CF1A-4CF2-B6DB-429BD387431D}.Debug|x86.ActiveCfg = Debug|Any CPU
		{48586D2B-CF1A-4CF2-B6DB-429BD387431D}.Debug|x86.Build.0 = Debug|Any CPU
		{48586D2B-CF1A-4CF2-B6DB-429BD387431D}.Release|Any CPU.ActiveCfg = Release|Any CPU
		{48586D2B-CF1A-4CF2-B6DB-429BD387431D}.Release|Any CPU.Build.0 = Release|Any CPU
		{48586D2B-CF1A-4CF2-B6DB-429BD387431D}.Release|x64.ActiveCfg = Release|Any CPU
		{48586D2B-CF1A-4CF2-B6DB-429BD387431D}.Release|x64.Build.0 = Release|Any CPU
		{48586D2B-CF1A-4CF2-B6DB-429BD387431D}.Release|x86.ActiveCfg = Release|Any CPU
		{48586D2B-CF1A-4CF2-B6DB-429BD387431D}.Release|x86.Build.0 = Release|Any CPU
		{029BF37E-8B50-4270-8FB7-22E090BAB8A9}.Debug|Any CPU.ActiveCfg = Debug|Any CPU
		{029BF37E-8B50-4270-8FB7-22E090BAB8A9}.Debug|Any CPU.Build.0 = Debug|Any CPU
		{029BF37E-8B50-4270-8FB7-22E090BAB8A9}.Debug|x64.ActiveCfg = Debug|Any CPU
		{029BF37E-8B50-4270-8FB7-22E090BAB8A9}.Debug|x64.Build.0 = Debug|Any CPU
		{029BF37E-8B50-4270-8FB7-22E090BAB8A9}.Debug|x86.ActiveCfg = Debug|Any CPU
		{029BF37E-8B50-4270-8FB7-22E090BAB8A9}.Debug|x86.Build.0 = Debug|Any CPU
		{029BF37E-8B50-4270-8FB7-22E090BAB8A9}.Release|Any CPU.ActiveCfg = Release|Any CPU
		{029BF37E-8B50-4270-8FB7-22E090BAB8A9}.Release|Any CPU.Build.0 = Release|Any CPU
		{029BF37E-8B50-4270-8FB7-22E090BAB8A9}.Release|x64.ActiveCfg = Release|Any CPU
		{029BF37E-8B50-4270-8FB7-22E090BAB8A9}.Release|x64.Build.0 = Release|Any CPU
		{029BF37E-8B50-4270-8FB7-22E090BAB8A9}.Release|x86.ActiveCfg = Release|Any CPU
		{029BF37E-8B50-4270-8FB7-22E090BAB8A9}.Release|x86.Build.0 = Release|Any CPU
		{D1F48996-0EAE-4203-B372-E1E6183A1329}.Debug|Any CPU.ActiveCfg = Debug|Any CPU
		{D1F48996-0EAE-4203-B372-E1E6183A1329}.Debug|Any CPU.Build.0 = Debug|Any CPU
		{D1F48996-0EAE-4203-B372-E1E6183A1329}.Debug|x64.ActiveCfg = Debug|Any CPU
		{D1F48996-0EAE-4203-B372-E1E6183A1329}.Debug|x64.Build.0 = Debug|Any CPU
		{D1F48996-0EAE-4203-B372-E1E6183A1329}.Debug|x86.ActiveCfg = Debug|Any CPU
		{D1F48996-0EAE-4203-B372-E1E6183A1329}.Debug|x86.Build.0 = Debug|Any CPU
		{D1F48996-0EAE-4203-B372-E1E6183A1329}.Release|Any CPU.ActiveCfg = Release|Any CPU
		{D1F48996-0EAE-4203-B372-E1E6183A1329}.Release|Any CPU.Build.0 = Release|Any CPU
		{D1F48996-0EAE-4203-B372-E1E6183A1329}.Release|x64.ActiveCfg = Release|Any CPU
		{D1F48996-0EAE-4203-B372-E1E6183A1329}.Release|x64.Build.0 = Release|Any CPU
		{D1F48996-0EAE-4203-B372-E1E6183A1329}.Release|x86.ActiveCfg = Release|Any CPU
		{D1F48996-0EAE-4203-B372-E1E6183A1329}.Release|x86.Build.0 = Release|Any CPU
		{B63C9616-A04F-41D3-9632-567E3389F87A}.Debug|Any CPU.ActiveCfg = Debug|Any CPU
		{B63C9616-A04F-41D3-9632-567E3389F87A}.Debug|Any CPU.Build.0 = Debug|Any CPU
		{B63C9616-A04F-41D3-9632-567E3389F87A}.Debug|x64.ActiveCfg = Debug|Any CPU
		{B63C9616-A04F-41D3-9632-567E3389F87A}.Debug|x64.Build.0 = Debug|Any CPU
		{B63C9616-A04F-41D3-9632-567E3389F87A}.Debug|x86.ActiveCfg = Debug|Any CPU
		{B63C9616-A04F-41D3-9632-567E3389F87A}.Debug|x86.Build.0 = Debug|Any CPU
		{B63C9616-A04F-41D3-9632-567E3389F87A}.Release|Any CPU.ActiveCfg = Release|Any CPU
		{B63C9616-A04F-41D3-9632-567E3389F87A}.Release|Any CPU.Build.0 = Release|Any CPU
		{B63C9616-A04F-41D3-9632-567E3389F87A}.Release|x64.ActiveCfg = Release|Any CPU
		{B63C9616-A04F-41D3-9632-567E3389F87A}.Release|x64.Build.0 = Release|Any CPU
		{B63C9616-A04F-41D3-9632-567E3389F87A}.Release|x86.ActiveCfg = Release|Any CPU
		{B63C9616-A04F-41D3-9632-567E3389F87A}.Release|x86.Build.0 = Release|Any CPU
		{92F24B11-B5CE-4B4F-810E-8B544AE22ACB}.Debug|Any CPU.ActiveCfg = Debug|Any CPU
		{92F24B11-B5CE-4B4F-810E-8B544AE22ACB}.Debug|Any CPU.Build.0 = Debug|Any CPU
		{92F24B11-B5CE-4B4F-810E-8B544AE22ACB}.Debug|x64.ActiveCfg = Debug|Any CPU
		{92F24B11-B5CE-4B4F-810E-8B544AE22ACB}.Debug|x64.Build.0 = Debug|Any CPU
		{92F24B11-B5CE-4B4F-810E-8B544AE22ACB}.Debug|x86.ActiveCfg = Debug|Any CPU
		{92F24B11-B5CE-4B4F-810E-8B544AE22ACB}.Debug|x86.Build.0 = Debug|Any CPU
		{92F24B11-B5CE-4B4F-810E-8B544AE22ACB}.Release|Any CPU.ActiveCfg = Release|Any CPU
		{92F24B11-B5CE-4B4F-810E-8B544AE22ACB}.Release|Any CPU.Build.0 = Release|Any CPU
		{92F24B11-B5CE-4B4F-810E-8B544AE22ACB}.Release|x64.ActiveCfg = Release|Any CPU
		{92F24B11-B5CE-4B4F-810E-8B544AE22ACB}.Release|x64.Build.0 = Release|Any CPU
		{92F24B11-B5CE-4B4F-810E-8B544AE22ACB}.Release|x86.ActiveCfg = Release|Any CPU
		{92F24B11-B5CE-4B4F-810E-8B544AE22ACB}.Release|x86.Build.0 = Release|Any CPU
		{5D48DE90-27BA-4F76-9DDD-34A79F80176A}.Debug|Any CPU.ActiveCfg = Debug|Any CPU
		{5D48DE90-27BA-4F76-9DDD-34A79F80176A}.Debug|Any CPU.Build.0 = Debug|Any CPU
		{5D48DE90-27BA-4F76-9DDD-34A79F80176A}.Debug|x64.ActiveCfg = Debug|Any CPU
		{5D48DE90-27BA-4F76-9DDD-34A79F80176A}.Debug|x64.Build.0 = Debug|Any CPU
		{5D48DE90-27BA-4F76-9DDD-34A79F80176A}.Debug|x86.ActiveCfg = Debug|Any CPU
		{5D48DE90-27BA-4F76-9DDD-34A79F80176A}.Debug|x86.Build.0 = Debug|Any CPU
		{5D48DE90-27BA-4F76-9DDD-34A79F80176A}.Release|Any CPU.ActiveCfg = Release|Any CPU
		{5D48DE90-27BA-4F76-9DDD-34A79F80176A}.Release|Any CPU.Build.0 = Release|Any CPU
		{5D48DE90-27BA-4F76-9DDD-34A79F80176A}.Release|x64.ActiveCfg = Release|Any CPU
		{5D48DE90-27BA-4F76-9DDD-34A79F80176A}.Release|x64.Build.0 = Release|Any CPU
		{5D48DE90-27BA-4F76-9DDD-34A79F80176A}.Release|x86.ActiveCfg = Release|Any CPU
		{5D48DE90-27BA-4F76-9DDD-34A79F80176A}.Release|x86.Build.0 = Release|Any CPU
		{236177DA-978B-4EEB-98C3-D15DB2D5B94D}.Debug|Any CPU.ActiveCfg = Debug|Any CPU
		{236177DA-978B-4EEB-98C3-D15DB2D5B94D}.Debug|Any CPU.Build.0 = Debug|Any CPU
		{236177DA-978B-4EEB-98C3-D15DB2D5B94D}.Debug|x64.ActiveCfg = Debug|Any CPU
		{236177DA-978B-4EEB-98C3-D15DB2D5B94D}.Debug|x64.Build.0 = Debug|Any CPU
		{236177DA-978B-4EEB-98C3-D15DB2D5B94D}.Debug|x86.ActiveCfg = Debug|Any CPU
		{236177DA-978B-4EEB-98C3-D15DB2D5B94D}.Debug|x86.Build.0 = Debug|Any CPU
		{236177DA-978B-4EEB-98C3-D15DB2D5B94D}.Release|Any CPU.ActiveCfg = Release|Any CPU
		{236177DA-978B-4EEB-98C3-D15DB2D5B94D}.Release|Any CPU.Build.0 = Release|Any CPU
		{236177DA-978B-4EEB-98C3-D15DB2D5B94D}.Release|x64.ActiveCfg = Release|Any CPU
		{236177DA-978B-4EEB-98C3-D15DB2D5B94D}.Release|x64.Build.0 = Release|Any CPU
		{236177DA-978B-4EEB-98C3-D15DB2D5B94D}.Release|x86.ActiveCfg = Release|Any CPU
		{236177DA-978B-4EEB-98C3-D15DB2D5B94D}.Release|x86.Build.0 = Release|Any CPU
		{FB9DDB70-A2CC-4A30-B6D2-E4C5E8F30599}.Debug|Any CPU.ActiveCfg = Debug|Any CPU
		{FB9DDB70-A2CC-4A30-B6D2-E4C5E8F30599}.Debug|Any CPU.Build.0 = Debug|Any CPU
		{FB9DDB70-A2CC-4A30-B6D2-E4C5E8F30599}.Debug|x64.ActiveCfg = Debug|Any CPU
		{FB9DDB70-A2CC-4A30-B6D2-E4C5E8F30599}.Debug|x64.Build.0 = Debug|Any CPU
		{FB9DDB70-A2CC-4A30-B6D2-E4C5E8F30599}.Debug|x86.ActiveCfg = Debug|Any CPU
		{FB9DDB70-A2CC-4A30-B6D2-E4C5E8F30599}.Debug|x86.Build.0 = Debug|Any CPU
		{FB9DDB70-A2CC-4A30-B6D2-E4C5E8F30599}.Release|Any CPU.ActiveCfg = Release|Any CPU
		{FB9DDB70-A2CC-4A30-B6D2-E4C5E8F30599}.Release|Any CPU.Build.0 = Release|Any CPU
		{FB9DDB70-A2CC-4A30-B6D2-E4C5E8F30599}.Release|x64.ActiveCfg = Release|Any CPU
		{FB9DDB70-A2CC-4A30-B6D2-E4C5E8F30599}.Release|x64.Build.0 = Release|Any CPU
		{FB9DDB70-A2CC-4A30-B6D2-E4C5E8F30599}.Release|x86.ActiveCfg = Release|Any CPU
		{FB9DDB70-A2CC-4A30-B6D2-E4C5E8F30599}.Release|x86.Build.0 = Release|Any CPU
		{97CDA598-5DDB-40F5-92F7-CE70BE58F881}.Debug|Any CPU.ActiveCfg = Debug|Any CPU
		{97CDA598-5DDB-40F5-92F7-CE70BE58F881}.Debug|Any CPU.Build.0 = Debug|Any CPU
		{97CDA598-5DDB-40F5-92F7-CE70BE58F881}.Debug|x64.ActiveCfg = Debug|Any CPU
		{97CDA598-5DDB-40F5-92F7-CE70BE58F881}.Debug|x64.Build.0 = Debug|Any CPU
		{97CDA598-5DDB-40F5-92F7-CE70BE58F881}.Debug|x86.ActiveCfg = Debug|Any CPU
		{97CDA598-5DDB-40F5-92F7-CE70BE58F881}.Debug|x86.Build.0 = Debug|Any CPU
		{97CDA598-5DDB-40F5-92F7-CE70BE58F881}.Release|Any CPU.ActiveCfg = Release|Any CPU
		{97CDA598-5DDB-40F5-92F7-CE70BE58F881}.Release|Any CPU.Build.0 = Release|Any CPU
		{97CDA598-5DDB-40F5-92F7-CE70BE58F881}.Release|x64.ActiveCfg = Release|Any CPU
		{97CDA598-5DDB-40F5-92F7-CE70BE58F881}.Release|x64.Build.0 = Release|Any CPU
		{97CDA598-5DDB-40F5-92F7-CE70BE58F881}.Release|x86.ActiveCfg = Release|Any CPU
		{97CDA598-5DDB-40F5-92F7-CE70BE58F881}.Release|x86.Build.0 = Release|Any CPU
		{5D7F9FDE-4E08-469F-9AB7-806AFBB7C531}.Debug|Any CPU.ActiveCfg = Debug|Any CPU
		{5D7F9FDE-4E08-469F-9AB7-806AFBB7C531}.Debug|Any CPU.Build.0 = Debug|Any CPU
		{5D7F9FDE-4E08-469F-9AB7-806AFBB7C531}.Debug|x64.ActiveCfg = Debug|Any CPU
		{5D7F9FDE-4E08-469F-9AB7-806AFBB7C531}.Debug|x64.Build.0 = Debug|Any CPU
		{5D7F9FDE-4E08-469F-9AB7-806AFBB7C531}.Debug|x86.ActiveCfg = Debug|Any CPU
		{5D7F9FDE-4E08-469F-9AB7-806AFBB7C531}.Debug|x86.Build.0 = Debug|Any CPU
		{5D7F9FDE-4E08-469F-9AB7-806AFBB7C531}.Release|Any CPU.ActiveCfg = Release|Any CPU
		{5D7F9FDE-4E08-469F-9AB7-806AFBB7C531}.Release|Any CPU.Build.0 = Release|Any CPU
		{5D7F9FDE-4E08-469F-9AB7-806AFBB7C531}.Release|x64.ActiveCfg = Release|Any CPU
		{5D7F9FDE-4E08-469F-9AB7-806AFBB7C531}.Release|x64.Build.0 = Release|Any CPU
		{5D7F9FDE-4E08-469F-9AB7-806AFBB7C531}.Release|x86.ActiveCfg = Release|Any CPU
		{5D7F9FDE-4E08-469F-9AB7-806AFBB7C531}.Release|x86.Build.0 = Release|Any CPU
		{81E40D8B-D22C-436E-A78C-B963DFB66685}.Debug|Any CPU.ActiveCfg = Debug|Any CPU
		{81E40D8B-D22C-436E-A78C-B963DFB66685}.Debug|Any CPU.Build.0 = Debug|Any CPU
		{81E40D8B-D22C-436E-A78C-B963DFB66685}.Debug|x64.ActiveCfg = Debug|Any CPU
		{81E40D8B-D22C-436E-A78C-B963DFB66685}.Debug|x64.Build.0 = Debug|Any CPU
		{81E40D8B-D22C-436E-A78C-B963DFB66685}.Debug|x86.ActiveCfg = Debug|Any CPU
		{81E40D8B-D22C-436E-A78C-B963DFB66685}.Debug|x86.Build.0 = Debug|Any CPU
		{81E40D8B-D22C-436E-A78C-B963DFB66685}.Release|Any CPU.ActiveCfg = Release|Any CPU
		{81E40D8B-D22C-436E-A78C-B963DFB66685}.Release|Any CPU.Build.0 = Release|Any CPU
		{81E40D8B-D22C-436E-A78C-B963DFB66685}.Release|x64.ActiveCfg = Release|Any CPU
		{81E40D8B-D22C-436E-A78C-B963DFB66685}.Release|x64.Build.0 = Release|Any CPU
		{81E40D8B-D22C-436E-A78C-B963DFB66685}.Release|x86.ActiveCfg = Release|Any CPU
		{81E40D8B-D22C-436E-A78C-B963DFB66685}.Release|x86.Build.0 = Release|Any CPU
		{A9348AA6-A8F7-4B73-9F88-55557EAA3248}.Debug|Any CPU.ActiveCfg = Debug|Any CPU
		{A9348AA6-A8F7-4B73-9F88-55557EAA3248}.Debug|Any CPU.Build.0 = Debug|Any CPU
		{A9348AA6-A8F7-4B73-9F88-55557EAA3248}.Debug|x64.ActiveCfg = Debug|Any CPU
		{A9348AA6-A8F7-4B73-9F88-55557EAA3248}.Debug|x64.Build.0 = Debug|Any CPU
		{A9348AA6-A8F7-4B73-9F88-55557EAA3248}.Debug|x86.ActiveCfg = Debug|Any CPU
		{A9348AA6-A8F7-4B73-9F88-55557EAA3248}.Debug|x86.Build.0 = Debug|Any CPU
		{A9348AA6-A8F7-4B73-9F88-55557EAA3248}.Release|Any CPU.ActiveCfg = Release|Any CPU
		{A9348AA6-A8F7-4B73-9F88-55557EAA3248}.Release|Any CPU.Build.0 = Release|Any CPU
		{A9348AA6-A8F7-4B73-9F88-55557EAA3248}.Release|x64.ActiveCfg = Release|Any CPU
		{A9348AA6-A8F7-4B73-9F88-55557EAA3248}.Release|x64.Build.0 = Release|Any CPU
		{A9348AA6-A8F7-4B73-9F88-55557EAA3248}.Release|x86.ActiveCfg = Release|Any CPU
		{A9348AA6-A8F7-4B73-9F88-55557EAA3248}.Release|x86.Build.0 = Release|Any CPU
		{FCE7F375-F014-4331-A8A3-1B9016C8F742}.Debug|Any CPU.ActiveCfg = Debug|Any CPU
		{FCE7F375-F014-4331-A8A3-1B9016C8F742}.Debug|Any CPU.Build.0 = Debug|Any CPU
		{FCE7F375-F014-4331-A8A3-1B9016C8F742}.Debug|x64.ActiveCfg = Debug|Any CPU
		{FCE7F375-F014-4331-A8A3-1B9016C8F742}.Debug|x64.Build.0 = Debug|Any CPU
		{FCE7F375-F014-4331-A8A3-1B9016C8F742}.Debug|x86.ActiveCfg = Debug|Any CPU
		{FCE7F375-F014-4331-A8A3-1B9016C8F742}.Debug|x86.Build.0 = Debug|Any CPU
		{FCE7F375-F014-4331-A8A3-1B9016C8F742}.Release|Any CPU.ActiveCfg = Release|Any CPU
		{FCE7F375-F014-4331-A8A3-1B9016C8F742}.Release|Any CPU.Build.0 = Release|Any CPU
		{FCE7F375-F014-4331-A8A3-1B9016C8F742}.Release|x64.ActiveCfg = Release|Any CPU
		{FCE7F375-F014-4331-A8A3-1B9016C8F742}.Release|x64.Build.0 = Release|Any CPU
		{FCE7F375-F014-4331-A8A3-1B9016C8F742}.Release|x86.ActiveCfg = Release|Any CPU
		{FCE7F375-F014-4331-A8A3-1B9016C8F742}.Release|x86.Build.0 = Release|Any CPU
		{5A7451FB-148F-4CE1-81E3-39F31E487FB4}.Debug|Any CPU.ActiveCfg = Debug|Any CPU
		{5A7451FB-148F-4CE1-81E3-39F31E487FB4}.Debug|Any CPU.Build.0 = Debug|Any CPU
		{5A7451FB-148F-4CE1-81E3-39F31E487FB4}.Debug|x64.ActiveCfg = Debug|Any CPU
		{5A7451FB-148F-4CE1-81E3-39F31E487FB4}.Debug|x64.Build.0 = Debug|Any CPU
		{5A7451FB-148F-4CE1-81E3-39F31E487FB4}.Debug|x86.ActiveCfg = Debug|Any CPU
		{5A7451FB-148F-4CE1-81E3-39F31E487FB4}.Debug|x86.Build.0 = Debug|Any CPU
		{5A7451FB-148F-4CE1-81E3-39F31E487FB4}.Release|Any CPU.ActiveCfg = Release|Any CPU
		{5A7451FB-148F-4CE1-81E3-39F31E487FB4}.Release|Any CPU.Build.0 = Release|Any CPU
		{5A7451FB-148F-4CE1-81E3-39F31E487FB4}.Release|x64.ActiveCfg = Release|Any CPU
		{5A7451FB-148F-4CE1-81E3-39F31E487FB4}.Release|x64.Build.0 = Release|Any CPU
		{5A7451FB-148F-4CE1-81E3-39F31E487FB4}.Release|x86.ActiveCfg = Release|Any CPU
		{5A7451FB-148F-4CE1-81E3-39F31E487FB4}.Release|x86.Build.0 = Release|Any CPU
		{17F84E7C-40FD-48DA-82BC-FDDE81A41353}.Debug|Any CPU.ActiveCfg = Debug|Any CPU
		{17F84E7C-40FD-48DA-82BC-FDDE81A41353}.Debug|Any CPU.Build.0 = Debug|Any CPU
		{17F84E7C-40FD-48DA-82BC-FDDE81A41353}.Debug|x64.ActiveCfg = Debug|Any CPU
		{17F84E7C-40FD-48DA-82BC-FDDE81A41353}.Debug|x64.Build.0 = Debug|Any CPU
		{17F84E7C-40FD-48DA-82BC-FDDE81A41353}.Debug|x86.ActiveCfg = Debug|Any CPU
		{17F84E7C-40FD-48DA-82BC-FDDE81A41353}.Debug|x86.Build.0 = Debug|Any CPU
		{17F84E7C-40FD-48DA-82BC-FDDE81A41353}.Release|Any CPU.ActiveCfg = Release|Any CPU
		{17F84E7C-40FD-48DA-82BC-FDDE81A41353}.Release|Any CPU.Build.0 = Release|Any CPU
		{17F84E7C-40FD-48DA-82BC-FDDE81A41353}.Release|x64.ActiveCfg = Release|Any CPU
		{17F84E7C-40FD-48DA-82BC-FDDE81A41353}.Release|x64.Build.0 = Release|Any CPU
		{17F84E7C-40FD-48DA-82BC-FDDE81A41353}.Release|x86.ActiveCfg = Release|Any CPU
		{17F84E7C-40FD-48DA-82BC-FDDE81A41353}.Release|x86.Build.0 = Release|Any CPU
		{CC543DE0-EE1F-473F-AEFD-9E31DCB93085}.Debug|Any CPU.ActiveCfg = Debug|Any CPU
		{CC543DE0-EE1F-473F-AEFD-9E31DCB93085}.Debug|Any CPU.Build.0 = Debug|Any CPU
		{CC543DE0-EE1F-473F-AEFD-9E31DCB93085}.Debug|x64.ActiveCfg = Debug|Any CPU
		{CC543DE0-EE1F-473F-AEFD-9E31DCB93085}.Debug|x64.Build.0 = Debug|Any CPU
		{CC543DE0-EE1F-473F-AEFD-9E31DCB93085}.Debug|x86.ActiveCfg = Debug|Any CPU
		{CC543DE0-EE1F-473F-AEFD-9E31DCB93085}.Debug|x86.Build.0 = Debug|Any CPU
		{CC543DE0-EE1F-473F-AEFD-9E31DCB93085}.Release|Any CPU.ActiveCfg = Release|Any CPU
		{CC543DE0-EE1F-473F-AEFD-9E31DCB93085}.Release|Any CPU.Build.0 = Release|Any CPU
		{CC543DE0-EE1F-473F-AEFD-9E31DCB93085}.Release|x64.ActiveCfg = Release|Any CPU
		{CC543DE0-EE1F-473F-AEFD-9E31DCB93085}.Release|x64.Build.0 = Release|Any CPU
		{CC543DE0-EE1F-473F-AEFD-9E31DCB93085}.Release|x86.ActiveCfg = Release|Any CPU
		{CC543DE0-EE1F-473F-AEFD-9E31DCB93085}.Release|x86.Build.0 = Release|Any CPU
		{E5186494-C094-46AE-A6C0-4D21139D263B}.Debug|Any CPU.ActiveCfg = Debug|Any CPU
		{E5186494-C094-46AE-A6C0-4D21139D263B}.Debug|Any CPU.Build.0 = Debug|Any CPU
		{E5186494-C094-46AE-A6C0-4D21139D263B}.Debug|x64.ActiveCfg = Debug|Any CPU
		{E5186494-C094-46AE-A6C0-4D21139D263B}.Debug|x64.Build.0 = Debug|Any CPU
		{E5186494-C094-46AE-A6C0-4D21139D263B}.Debug|x86.ActiveCfg = Debug|Any CPU
		{E5186494-C094-46AE-A6C0-4D21139D263B}.Debug|x86.Build.0 = Debug|Any CPU
		{E5186494-C094-46AE-A6C0-4D21139D263B}.Release|Any CPU.ActiveCfg = Release|Any CPU
		{E5186494-C094-46AE-A6C0-4D21139D263B}.Release|Any CPU.Build.0 = Release|Any CPU
		{E5186494-C094-46AE-A6C0-4D21139D263B}.Release|x64.ActiveCfg = Release|Any CPU
		{E5186494-C094-46AE-A6C0-4D21139D263B}.Release|x64.Build.0 = Release|Any CPU
		{E5186494-C094-46AE-A6C0-4D21139D263B}.Release|x86.ActiveCfg = Release|Any CPU
		{E5186494-C094-46AE-A6C0-4D21139D263B}.Release|x86.Build.0 = Release|Any CPU
		{C288FE22-70E7-4270-AD49-C5270BCBA9EC}.Debug|Any CPU.ActiveCfg = Debug|Any CPU
		{C288FE22-70E7-4270-AD49-C5270BCBA9EC}.Debug|Any CPU.Build.0 = Debug|Any CPU
		{C288FE22-70E7-4270-AD49-C5270BCBA9EC}.Debug|x64.ActiveCfg = Debug|Any CPU
		{C288FE22-70E7-4270-AD49-C5270BCBA9EC}.Debug|x64.Build.0 = Debug|Any CPU
		{C288FE22-70E7-4270-AD49-C5270BCBA9EC}.Debug|x86.ActiveCfg = Debug|Any CPU
		{C288FE22-70E7-4270-AD49-C5270BCBA9EC}.Debug|x86.Build.0 = Debug|Any CPU
		{C288FE22-70E7-4270-AD49-C5270BCBA9EC}.Release|Any CPU.ActiveCfg = Release|Any CPU
		{C288FE22-70E7-4270-AD49-C5270BCBA9EC}.Release|Any CPU.Build.0 = Release|Any CPU
		{C288FE22-70E7-4270-AD49-C5270BCBA9EC}.Release|x64.ActiveCfg = Release|Any CPU
		{C288FE22-70E7-4270-AD49-C5270BCBA9EC}.Release|x64.Build.0 = Release|Any CPU
		{C288FE22-70E7-4270-AD49-C5270BCBA9EC}.Release|x86.ActiveCfg = Release|Any CPU
		{C288FE22-70E7-4270-AD49-C5270BCBA9EC}.Release|x86.Build.0 = Release|Any CPU
		{FB5E02F0-192F-4923-B22B-32A87AF25049}.Debug|Any CPU.ActiveCfg = Debug|Any CPU
		{FB5E02F0-192F-4923-B22B-32A87AF25049}.Debug|Any CPU.Build.0 = Debug|Any CPU
		{FB5E02F0-192F-4923-B22B-32A87AF25049}.Debug|x64.ActiveCfg = Debug|Any CPU
		{FB5E02F0-192F-4923-B22B-32A87AF25049}.Debug|x64.Build.0 = Debug|Any CPU
		{FB5E02F0-192F-4923-B22B-32A87AF25049}.Debug|x86.ActiveCfg = Debug|Any CPU
		{FB5E02F0-192F-4923-B22B-32A87AF25049}.Debug|x86.Build.0 = Debug|Any CPU
		{FB5E02F0-192F-4923-B22B-32A87AF25049}.Release|Any CPU.ActiveCfg = Release|Any CPU
		{FB5E02F0-192F-4923-B22B-32A87AF25049}.Release|Any CPU.Build.0 = Release|Any CPU
		{FB5E02F0-192F-4923-B22B-32A87AF25049}.Release|x64.ActiveCfg = Release|Any CPU
		{FB5E02F0-192F-4923-B22B-32A87AF25049}.Release|x64.Build.0 = Release|Any CPU
		{FB5E02F0-192F-4923-B22B-32A87AF25049}.Release|x86.ActiveCfg = Release|Any CPU
		{FB5E02F0-192F-4923-B22B-32A87AF25049}.Release|x86.Build.0 = Release|Any CPU
		{8FB06ECC-4BB8-41CD-BDE1-F2197CF96785}.Debug|Any CPU.ActiveCfg = Debug|Any CPU
		{8FB06ECC-4BB8-41CD-BDE1-F2197CF96785}.Debug|Any CPU.Build.0 = Debug|Any CPU
		{8FB06ECC-4BB8-41CD-BDE1-F2197CF96785}.Debug|x64.ActiveCfg = Debug|Any CPU
		{8FB06ECC-4BB8-41CD-BDE1-F2197CF96785}.Debug|x64.Build.0 = Debug|Any CPU
		{8FB06ECC-4BB8-41CD-BDE1-F2197CF96785}.Debug|x86.ActiveCfg = Debug|Any CPU
		{8FB06ECC-4BB8-41CD-BDE1-F2197CF96785}.Debug|x86.Build.0 = Debug|Any CPU
		{8FB06ECC-4BB8-41CD-BDE1-F2197CF96785}.Release|Any CPU.ActiveCfg = Release|Any CPU
		{8FB06ECC-4BB8-41CD-BDE1-F2197CF96785}.Release|Any CPU.Build.0 = Release|Any CPU
		{8FB06ECC-4BB8-41CD-BDE1-F2197CF96785}.Release|x64.ActiveCfg = Release|Any CPU
		{8FB06ECC-4BB8-41CD-BDE1-F2197CF96785}.Release|x64.Build.0 = Release|Any CPU
		{8FB06ECC-4BB8-41CD-BDE1-F2197CF96785}.Release|x86.ActiveCfg = Release|Any CPU
		{8FB06ECC-4BB8-41CD-BDE1-F2197CF96785}.Release|x86.Build.0 = Release|Any CPU
		{6582814E-A433-4CA4-AA92-388BF3171219}.Debug|Any CPU.ActiveCfg = Debug|Any CPU
		{6582814E-A433-4CA4-AA92-388BF3171219}.Debug|Any CPU.Build.0 = Debug|Any CPU
		{6582814E-A433-4CA4-AA92-388BF3171219}.Debug|x64.ActiveCfg = Debug|Any CPU
		{6582814E-A433-4CA4-AA92-388BF3171219}.Debug|x64.Build.0 = Debug|Any CPU
		{6582814E-A433-4CA4-AA92-388BF3171219}.Debug|x86.ActiveCfg = Debug|Any CPU
		{6582814E-A433-4CA4-AA92-388BF3171219}.Debug|x86.Build.0 = Debug|Any CPU
		{6582814E-A433-4CA4-AA92-388BF3171219}.Release|Any CPU.ActiveCfg = Release|Any CPU
		{6582814E-A433-4CA4-AA92-388BF3171219}.Release|Any CPU.Build.0 = Release|Any CPU
		{6582814E-A433-4CA4-AA92-388BF3171219}.Release|x64.ActiveCfg = Release|Any CPU
		{6582814E-A433-4CA4-AA92-388BF3171219}.Release|x64.Build.0 = Release|Any CPU
		{6582814E-A433-4CA4-AA92-388BF3171219}.Release|x86.ActiveCfg = Release|Any CPU
		{6582814E-A433-4CA4-AA92-388BF3171219}.Release|x86.Build.0 = Release|Any CPU
		{182745A8-6E9A-4D33-9D37-77168F6F44F3}.Debug|Any CPU.ActiveCfg = Debug|Any CPU
		{182745A8-6E9A-4D33-9D37-77168F6F44F3}.Debug|Any CPU.Build.0 = Debug|Any CPU
		{182745A8-6E9A-4D33-9D37-77168F6F44F3}.Debug|x64.ActiveCfg = Debug|Any CPU
		{182745A8-6E9A-4D33-9D37-77168F6F44F3}.Debug|x64.Build.0 = Debug|Any CPU
		{182745A8-6E9A-4D33-9D37-77168F6F44F3}.Debug|x86.ActiveCfg = Debug|Any CPU
		{182745A8-6E9A-4D33-9D37-77168F6F44F3}.Debug|x86.Build.0 = Debug|Any CPU
		{182745A8-6E9A-4D33-9D37-77168F6F44F3}.Release|Any CPU.ActiveCfg = Release|Any CPU
		{182745A8-6E9A-4D33-9D37-77168F6F44F3}.Release|Any CPU.Build.0 = Release|Any CPU
		{182745A8-6E9A-4D33-9D37-77168F6F44F3}.Release|x64.ActiveCfg = Release|Any CPU
		{182745A8-6E9A-4D33-9D37-77168F6F44F3}.Release|x64.Build.0 = Release|Any CPU
		{182745A8-6E9A-4D33-9D37-77168F6F44F3}.Release|x86.ActiveCfg = Release|Any CPU
		{182745A8-6E9A-4D33-9D37-77168F6F44F3}.Release|x86.Build.0 = Release|Any CPU
		{A8722EA4-8650-4345-94C7-F75273E67075}.Debug|Any CPU.ActiveCfg = Debug|Any CPU
		{A8722EA4-8650-4345-94C7-F75273E67075}.Debug|Any CPU.Build.0 = Debug|Any CPU
		{A8722EA4-8650-4345-94C7-F75273E67075}.Debug|x64.ActiveCfg = Debug|Any CPU
		{A8722EA4-8650-4345-94C7-F75273E67075}.Debug|x64.Build.0 = Debug|Any CPU
		{A8722EA4-8650-4345-94C7-F75273E67075}.Debug|x86.ActiveCfg = Debug|Any CPU
		{A8722EA4-8650-4345-94C7-F75273E67075}.Debug|x86.Build.0 = Debug|Any CPU
		{A8722EA4-8650-4345-94C7-F75273E67075}.Release|Any CPU.ActiveCfg = Release|Any CPU
		{A8722EA4-8650-4345-94C7-F75273E67075}.Release|Any CPU.Build.0 = Release|Any CPU
		{A8722EA4-8650-4345-94C7-F75273E67075}.Release|x64.ActiveCfg = Release|Any CPU
		{A8722EA4-8650-4345-94C7-F75273E67075}.Release|x64.Build.0 = Release|Any CPU
		{A8722EA4-8650-4345-94C7-F75273E67075}.Release|x86.ActiveCfg = Release|Any CPU
		{A8722EA4-8650-4345-94C7-F75273E67075}.Release|x86.Build.0 = Release|Any CPU
		{7D9AA960-D8CE-4EB0-8BD7-16931493B305}.Debug|Any CPU.ActiveCfg = Debug|Any CPU
		{7D9AA960-D8CE-4EB0-8BD7-16931493B305}.Debug|Any CPU.Build.0 = Debug|Any CPU
		{7D9AA960-D8CE-4EB0-8BD7-16931493B305}.Debug|x64.ActiveCfg = Debug|Any CPU
		{7D9AA960-D8CE-4EB0-8BD7-16931493B305}.Debug|x64.Build.0 = Debug|Any CPU
		{7D9AA960-D8CE-4EB0-8BD7-16931493B305}.Debug|x86.ActiveCfg = Debug|Any CPU
		{7D9AA960-D8CE-4EB0-8BD7-16931493B305}.Debug|x86.Build.0 = Debug|Any CPU
		{7D9AA960-D8CE-4EB0-8BD7-16931493B305}.Release|Any CPU.ActiveCfg = Release|Any CPU
		{7D9AA960-D8CE-4EB0-8BD7-16931493B305}.Release|Any CPU.Build.0 = Release|Any CPU
		{7D9AA960-D8CE-4EB0-8BD7-16931493B305}.Release|x64.ActiveCfg = Release|Any CPU
		{7D9AA960-D8CE-4EB0-8BD7-16931493B305}.Release|x64.Build.0 = Release|Any CPU
		{7D9AA960-D8CE-4EB0-8BD7-16931493B305}.Release|x86.ActiveCfg = Release|Any CPU
		{7D9AA960-D8CE-4EB0-8BD7-16931493B305}.Release|x86.Build.0 = Release|Any CPU
		{28633C14-5AD2-409B-B653-E668B88D2B58}.Debug|Any CPU.ActiveCfg = Debug|Any CPU
		{28633C14-5AD2-409B-B653-E668B88D2B58}.Debug|Any CPU.Build.0 = Debug|Any CPU
		{28633C14-5AD2-409B-B653-E668B88D2B58}.Debug|x64.ActiveCfg = Debug|Any CPU
		{28633C14-5AD2-409B-B653-E668B88D2B58}.Debug|x64.Build.0 = Debug|Any CPU
		{28633C14-5AD2-409B-B653-E668B88D2B58}.Debug|x86.ActiveCfg = Debug|Any CPU
		{28633C14-5AD2-409B-B653-E668B88D2B58}.Debug|x86.Build.0 = Debug|Any CPU
		{28633C14-5AD2-409B-B653-E668B88D2B58}.Release|Any CPU.ActiveCfg = Release|Any CPU
		{28633C14-5AD2-409B-B653-E668B88D2B58}.Release|Any CPU.Build.0 = Release|Any CPU
		{28633C14-5AD2-409B-B653-E668B88D2B58}.Release|x64.ActiveCfg = Release|Any CPU
		{28633C14-5AD2-409B-B653-E668B88D2B58}.Release|x64.Build.0 = Release|Any CPU
		{28633C14-5AD2-409B-B653-E668B88D2B58}.Release|x86.ActiveCfg = Release|Any CPU
		{28633C14-5AD2-409B-B653-E668B88D2B58}.Release|x86.Build.0 = Release|Any CPU
		{C722A3BC-C881-4AE0-A61D-E6EBA05604B5}.Debug|Any CPU.ActiveCfg = Debug|Any CPU
		{C722A3BC-C881-4AE0-A61D-E6EBA05604B5}.Debug|Any CPU.Build.0 = Debug|Any CPU
		{C722A3BC-C881-4AE0-A61D-E6EBA05604B5}.Debug|x64.ActiveCfg = Debug|Any CPU
		{C722A3BC-C881-4AE0-A61D-E6EBA05604B5}.Debug|x64.Build.0 = Debug|Any CPU
		{C722A3BC-C881-4AE0-A61D-E6EBA05604B5}.Debug|x86.ActiveCfg = Debug|Any CPU
		{C722A3BC-C881-4AE0-A61D-E6EBA05604B5}.Debug|x86.Build.0 = Debug|Any CPU
		{C722A3BC-C881-4AE0-A61D-E6EBA05604B5}.Release|Any CPU.ActiveCfg = Release|Any CPU
		{C722A3BC-C881-4AE0-A61D-E6EBA05604B5}.Release|Any CPU.Build.0 = Release|Any CPU
		{C722A3BC-C881-4AE0-A61D-E6EBA05604B5}.Release|x64.ActiveCfg = Release|Any CPU
		{C722A3BC-C881-4AE0-A61D-E6EBA05604B5}.Release|x64.Build.0 = Release|Any CPU
		{C722A3BC-C881-4AE0-A61D-E6EBA05604B5}.Release|x86.ActiveCfg = Release|Any CPU
		{C722A3BC-C881-4AE0-A61D-E6EBA05604B5}.Release|x86.Build.0 = Release|Any CPU
		{9DDB987A-07BE-4F84-8B93-48AFF67D3583}.Debug|Any CPU.ActiveCfg = Debug|Any CPU
		{9DDB987A-07BE-4F84-8B93-48AFF67D3583}.Debug|Any CPU.Build.0 = Debug|Any CPU
		{9DDB987A-07BE-4F84-8B93-48AFF67D3583}.Debug|x64.ActiveCfg = Debug|Any CPU
		{9DDB987A-07BE-4F84-8B93-48AFF67D3583}.Debug|x64.Build.0 = Debug|Any CPU
		{9DDB987A-07BE-4F84-8B93-48AFF67D3583}.Debug|x86.ActiveCfg = Debug|Any CPU
		{9DDB987A-07BE-4F84-8B93-48AFF67D3583}.Debug|x86.Build.0 = Debug|Any CPU
		{9DDB987A-07BE-4F84-8B93-48AFF67D3583}.Release|Any CPU.ActiveCfg = Release|Any CPU
		{9DDB987A-07BE-4F84-8B93-48AFF67D3583}.Release|Any CPU.Build.0 = Release|Any CPU
		{9DDB987A-07BE-4F84-8B93-48AFF67D3583}.Release|x64.ActiveCfg = Release|Any CPU
		{9DDB987A-07BE-4F84-8B93-48AFF67D3583}.Release|x64.Build.0 = Release|Any CPU
		{9DDB987A-07BE-4F84-8B93-48AFF67D3583}.Release|x86.ActiveCfg = Release|Any CPU
		{9DDB987A-07BE-4F84-8B93-48AFF67D3583}.Release|x86.Build.0 = Release|Any CPU
		{1E2380C6-C160-43B5-98C3-EE260BE0F5D7}.Debug|Any CPU.ActiveCfg = Debug|Any CPU
		{1E2380C6-C160-43B5-98C3-EE260BE0F5D7}.Debug|Any CPU.Build.0 = Debug|Any CPU
		{1E2380C6-C160-43B5-98C3-EE260BE0F5D7}.Debug|x64.ActiveCfg = Debug|Any CPU
		{1E2380C6-C160-43B5-98C3-EE260BE0F5D7}.Debug|x64.Build.0 = Debug|Any CPU
		{1E2380C6-C160-43B5-98C3-EE260BE0F5D7}.Debug|x86.ActiveCfg = Debug|Any CPU
		{1E2380C6-C160-43B5-98C3-EE260BE0F5D7}.Debug|x86.Build.0 = Debug|Any CPU
		{1E2380C6-C160-43B5-98C3-EE260BE0F5D7}.Release|Any CPU.ActiveCfg = Release|Any CPU
		{1E2380C6-C160-43B5-98C3-EE260BE0F5D7}.Release|Any CPU.Build.0 = Release|Any CPU
		{1E2380C6-C160-43B5-98C3-EE260BE0F5D7}.Release|x64.ActiveCfg = Release|Any CPU
		{1E2380C6-C160-43B5-98C3-EE260BE0F5D7}.Release|x64.Build.0 = Release|Any CPU
		{1E2380C6-C160-43B5-98C3-EE260BE0F5D7}.Release|x86.ActiveCfg = Release|Any CPU
		{1E2380C6-C160-43B5-98C3-EE260BE0F5D7}.Release|x86.Build.0 = Release|Any CPU
		{C7F7CD49-6840-46F8-9447-C0E04B5881CF}.Debug|Any CPU.ActiveCfg = Debug|Any CPU
		{C7F7CD49-6840-46F8-9447-C0E04B5881CF}.Debug|Any CPU.Build.0 = Debug|Any CPU
		{C7F7CD49-6840-46F8-9447-C0E04B5881CF}.Debug|x64.ActiveCfg = Debug|Any CPU
		{C7F7CD49-6840-46F8-9447-C0E04B5881CF}.Debug|x64.Build.0 = Debug|Any CPU
		{C7F7CD49-6840-46F8-9447-C0E04B5881CF}.Debug|x86.ActiveCfg = Debug|Any CPU
		{C7F7CD49-6840-46F8-9447-C0E04B5881CF}.Debug|x86.Build.0 = Debug|Any CPU
		{C7F7CD49-6840-46F8-9447-C0E04B5881CF}.Release|Any CPU.ActiveCfg = Release|Any CPU
		{C7F7CD49-6840-46F8-9447-C0E04B5881CF}.Release|Any CPU.Build.0 = Release|Any CPU
		{C7F7CD49-6840-46F8-9447-C0E04B5881CF}.Release|x64.ActiveCfg = Release|Any CPU
		{C7F7CD49-6840-46F8-9447-C0E04B5881CF}.Release|x64.Build.0 = Release|Any CPU
		{C7F7CD49-6840-46F8-9447-C0E04B5881CF}.Release|x86.ActiveCfg = Release|Any CPU
		{C7F7CD49-6840-46F8-9447-C0E04B5881CF}.Release|x86.Build.0 = Release|Any CPU
		{2A0BF454-F52F-488F-BD77-B67718DC839C}.Debug|Any CPU.ActiveCfg = Debug|Any CPU
		{2A0BF454-F52F-488F-BD77-B67718DC839C}.Debug|Any CPU.Build.0 = Debug|Any CPU
		{2A0BF454-F52F-488F-BD77-B67718DC839C}.Debug|x64.ActiveCfg = Debug|Any CPU
		{2A0BF454-F52F-488F-BD77-B67718DC839C}.Debug|x64.Build.0 = Debug|Any CPU
		{2A0BF454-F52F-488F-BD77-B67718DC839C}.Debug|x86.ActiveCfg = Debug|Any CPU
		{2A0BF454-F52F-488F-BD77-B67718DC839C}.Debug|x86.Build.0 = Debug|Any CPU
		{2A0BF454-F52F-488F-BD77-B67718DC839C}.Release|Any CPU.ActiveCfg = Release|Any CPU
		{2A0BF454-F52F-488F-BD77-B67718DC839C}.Release|Any CPU.Build.0 = Release|Any CPU
		{2A0BF454-F52F-488F-BD77-B67718DC839C}.Release|x64.ActiveCfg = Release|Any CPU
		{2A0BF454-F52F-488F-BD77-B67718DC839C}.Release|x64.Build.0 = Release|Any CPU
		{2A0BF454-F52F-488F-BD77-B67718DC839C}.Release|x86.ActiveCfg = Release|Any CPU
		{2A0BF454-F52F-488F-BD77-B67718DC839C}.Release|x86.Build.0 = Release|Any CPU
		{C6C5DFA3-B5D0-47BD-BA9B-9CD9629CF395}.Debug|Any CPU.ActiveCfg = Debug|Any CPU
		{C6C5DFA3-B5D0-47BD-BA9B-9CD9629CF395}.Debug|Any CPU.Build.0 = Debug|Any CPU
		{C6C5DFA3-B5D0-47BD-BA9B-9CD9629CF395}.Debug|x64.ActiveCfg = Debug|Any CPU
		{C6C5DFA3-B5D0-47BD-BA9B-9CD9629CF395}.Debug|x64.Build.0 = Debug|Any CPU
		{C6C5DFA3-B5D0-47BD-BA9B-9CD9629CF395}.Debug|x86.ActiveCfg = Debug|Any CPU
		{C6C5DFA3-B5D0-47BD-BA9B-9CD9629CF395}.Debug|x86.Build.0 = Debug|Any CPU
		{C6C5DFA3-B5D0-47BD-BA9B-9CD9629CF395}.Release|Any CPU.ActiveCfg = Release|Any CPU
		{C6C5DFA3-B5D0-47BD-BA9B-9CD9629CF395}.Release|Any CPU.Build.0 = Release|Any CPU
		{C6C5DFA3-B5D0-47BD-BA9B-9CD9629CF395}.Release|x64.ActiveCfg = Release|Any CPU
		{C6C5DFA3-B5D0-47BD-BA9B-9CD9629CF395}.Release|x64.Build.0 = Release|Any CPU
		{C6C5DFA3-B5D0-47BD-BA9B-9CD9629CF395}.Release|x86.ActiveCfg = Release|Any CPU
		{C6C5DFA3-B5D0-47BD-BA9B-9CD9629CF395}.Release|x86.Build.0 = Release|Any CPU
		{18148AEE-492F-4BD3-A405-435908452607}.Debug|Any CPU.ActiveCfg = Debug|Any CPU
		{18148AEE-492F-4BD3-A405-435908452607}.Debug|Any CPU.Build.0 = Debug|Any CPU
		{18148AEE-492F-4BD3-A405-435908452607}.Debug|x64.ActiveCfg = Debug|Any CPU
		{18148AEE-492F-4BD3-A405-435908452607}.Debug|x64.Build.0 = Debug|Any CPU
		{18148AEE-492F-4BD3-A405-435908452607}.Debug|x86.ActiveCfg = Debug|Any CPU
		{18148AEE-492F-4BD3-A405-435908452607}.Debug|x86.Build.0 = Debug|Any CPU
		{18148AEE-492F-4BD3-A405-435908452607}.Release|Any CPU.ActiveCfg = Release|Any CPU
		{18148AEE-492F-4BD3-A405-435908452607}.Release|Any CPU.Build.0 = Release|Any CPU
		{18148AEE-492F-4BD3-A405-435908452607}.Release|x64.ActiveCfg = Release|Any CPU
		{18148AEE-492F-4BD3-A405-435908452607}.Release|x64.Build.0 = Release|Any CPU
		{18148AEE-492F-4BD3-A405-435908452607}.Release|x86.ActiveCfg = Release|Any CPU
		{18148AEE-492F-4BD3-A405-435908452607}.Release|x86.Build.0 = Release|Any CPU
		{68B815E3-0221-4506-9236-9CA23E18CA4E}.Debug|Any CPU.ActiveCfg = Debug|Any CPU
		{68B815E3-0221-4506-9236-9CA23E18CA4E}.Debug|Any CPU.Build.0 = Debug|Any CPU
		{68B815E3-0221-4506-9236-9CA23E18CA4E}.Debug|x64.ActiveCfg = Debug|Any CPU
		{68B815E3-0221-4506-9236-9CA23E18CA4E}.Debug|x64.Build.0 = Debug|Any CPU
		{68B815E3-0221-4506-9236-9CA23E18CA4E}.Debug|x86.ActiveCfg = Debug|Any CPU
		{68B815E3-0221-4506-9236-9CA23E18CA4E}.Debug|x86.Build.0 = Debug|Any CPU
		{68B815E3-0221-4506-9236-9CA23E18CA4E}.Release|Any CPU.ActiveCfg = Release|Any CPU
		{68B815E3-0221-4506-9236-9CA23E18CA4E}.Release|Any CPU.Build.0 = Release|Any CPU
		{68B815E3-0221-4506-9236-9CA23E18CA4E}.Release|x64.ActiveCfg = Release|Any CPU
		{68B815E3-0221-4506-9236-9CA23E18CA4E}.Release|x64.Build.0 = Release|Any CPU
		{68B815E3-0221-4506-9236-9CA23E18CA4E}.Release|x86.ActiveCfg = Release|Any CPU
		{68B815E3-0221-4506-9236-9CA23E18CA4E}.Release|x86.Build.0 = Release|Any CPU
		{3F9417E6-5752-4E43-A829-97C0F70F5F8D}.Debug|Any CPU.ActiveCfg = Debug|Any CPU
		{3F9417E6-5752-4E43-A829-97C0F70F5F8D}.Debug|Any CPU.Build.0 = Debug|Any CPU
		{3F9417E6-5752-4E43-A829-97C0F70F5F8D}.Debug|x64.ActiveCfg = Debug|Any CPU
		{3F9417E6-5752-4E43-A829-97C0F70F5F8D}.Debug|x64.Build.0 = Debug|Any CPU
		{3F9417E6-5752-4E43-A829-97C0F70F5F8D}.Debug|x86.ActiveCfg = Debug|Any CPU
		{3F9417E6-5752-4E43-A829-97C0F70F5F8D}.Debug|x86.Build.0 = Debug|Any CPU
		{3F9417E6-5752-4E43-A829-97C0F70F5F8D}.Release|Any CPU.ActiveCfg = Release|Any CPU
		{3F9417E6-5752-4E43-A829-97C0F70F5F8D}.Release|Any CPU.Build.0 = Release|Any CPU
		{3F9417E6-5752-4E43-A829-97C0F70F5F8D}.Release|x64.ActiveCfg = Release|Any CPU
		{3F9417E6-5752-4E43-A829-97C0F70F5F8D}.Release|x64.Build.0 = Release|Any CPU
		{3F9417E6-5752-4E43-A829-97C0F70F5F8D}.Release|x86.ActiveCfg = Release|Any CPU
		{3F9417E6-5752-4E43-A829-97C0F70F5F8D}.Release|x86.Build.0 = Release|Any CPU
	EndGlobalSection
	GlobalSection(SolutionProperties) = preSolution
		HideSolutionNode = FALSE
	EndGlobalSection
	GlobalSection(NestedProjects) = preSolution
		{8C9F014E-97FC-4A6E-9C4D-05DF71C3B209} = {3293BA18-D81D-4AD9-9D7C-9CD2F0D5D376}
		{FA0142EE-3E5B-491C-B890-CB90B22859B1} = {8C9F014E-97FC-4A6E-9C4D-05DF71C3B209}
		{29056796-3D9B-4DD1-A99F-93063C26D60D} = {3293BA18-D81D-4AD9-9D7C-9CD2F0D5D376}
		{6A98A946-1A96-46D9-B350-8E218FDB5A21} = {29056796-3D9B-4DD1-A99F-93063C26D60D}
		{E52B90C6-9F2F-4C5F-BAFF-BF4F46E9C6A0} = {29056796-3D9B-4DD1-A99F-93063C26D60D}
		{A4CF85B9-E63D-472B-908D-81FD7F1F70EA} = {E2A52810-CFFE-4ADA-8654-E0282492AB3F}
		{C2A1F310-166F-49B4-B9B9-ECB937D53FE2} = {E2A52810-CFFE-4ADA-8654-E0282492AB3F}
		{F663614F-A559-4F7A-9647-57EE46D16267} = {29056796-3D9B-4DD1-A99F-93063C26D60D}
		{F831E5C7-ABC5-476A-88CB-638783F266D0} = {29056796-3D9B-4DD1-A99F-93063C26D60D}
		{5D83BB5C-A1EF-4376-B87C-F2214ADDC699} = {29056796-3D9B-4DD1-A99F-93063C26D60D}
		{C2989064-7468-4173-ADB5-8E935274CDCC} = {29056796-3D9B-4DD1-A99F-93063C26D60D}
		{9DDEB13C-A6D4-49E6-8E50-21A3C5931414} = {E2A52810-CFFE-4ADA-8654-E0282492AB3F}
		{2BB0F7C3-4EFC-4F9E-985D-CFF963AE5353} = {E2A52810-CFFE-4ADA-8654-E0282492AB3F}
		{D5AA20AA-79D7-4D58-9CAF-45A07340C354} = {E2A52810-CFFE-4ADA-8654-E0282492AB3F}
		{31E7BD94-C662-4A29-8048-9801742E0A9A} = {E2A52810-CFFE-4ADA-8654-E0282492AB3F}
		{A763689E-D5C2-4A25-8A3F-9CEAF8BB3132} = {E2A52810-CFFE-4ADA-8654-E0282492AB3F}
		{D8A73FCE-D522-44E6-AEA6-E76EA1342CFB} = {E2A52810-CFFE-4ADA-8654-E0282492AB3F}
		{242737B1-EE3C-4885-B6D0-90D484654DAF} = {29056796-3D9B-4DD1-A99F-93063C26D60D}
		{73251016-7226-48F8-8B9D-826F5661FA95} = {E2A52810-CFFE-4ADA-8654-E0282492AB3F}
		{DD087C42-7DE3-4DC2-8503-8DA8384B86F9} = {29056796-3D9B-4DD1-A99F-93063C26D60D}
		{F641DE77-D377-4D49-AB4D-A9100E709CC5} = {29056796-3D9B-4DD1-A99F-93063C26D60D}
		{E616A0C0-1271-4DE4-887C-308C39144336} = {29056796-3D9B-4DD1-A99F-93063C26D60D}
		{BC1A5B04-8C37-4DA5-8CA7-D6EE7EE84E0B} = {E2A52810-CFFE-4ADA-8654-E0282492AB3F}
		{F57292E8-8F2F-42C9-8FC0-7859700A7B77} = {29056796-3D9B-4DD1-A99F-93063C26D60D}
		{990AC98B-328E-44E4-AB32-B156D910FDDC} = {E2A52810-CFFE-4ADA-8654-E0282492AB3F}
		{D841A5AE-CCD8-4A63-AACE-D5C013B36E9A} = {E2A52810-CFFE-4ADA-8654-E0282492AB3F}
		{A26C8000-17C2-43B8-A1D5-1176376741A9} = {29056796-3D9B-4DD1-A99F-93063C26D60D}
		{54EDAD8E-0960-462B-A4F1-4E82C9F8275F} = {E2A52810-CFFE-4ADA-8654-E0282492AB3F}
		{7A9E158E-3F00-431B-A8A6-BE3D6E6989E6} = {E2A52810-CFFE-4ADA-8654-E0282492AB3F}
		{5CAD8885-04D4-46F4-B3FE-AC3409435CA3} = {E2A52810-CFFE-4ADA-8654-E0282492AB3F}
		{7A455DFD-0EC8-45A6-BFFE-35AB6CD78BAF} = {E2A52810-CFFE-4ADA-8654-E0282492AB3F}
		{6B8EA878-A82D-43AF-BFEF-0E5106117F55} = {E2A52810-CFFE-4ADA-8654-E0282492AB3F}
		{CE773588-717C-401F-8612-0760B27CDD34} = {E2A52810-CFFE-4ADA-8654-E0282492AB3F}
		{AC7E9FCE-AC6B-4619-B3AA-B6EB5B4AEB94} = {29056796-3D9B-4DD1-A99F-93063C26D60D}
		{9E2FD283-33D9-4E41-B7C6-022E47531C1A} = {29056796-3D9B-4DD1-A99F-93063C26D60D}
		{5D88C597-9EDE-418B-BBB7-FB7FE8397B77} = {29056796-3D9B-4DD1-A99F-93063C26D60D}
		{86F8675C-76B7-4A0A-9092-C825FCE3C085} = {29056796-3D9B-4DD1-A99F-93063C26D60D}
		{E608226B-62C7-45E4-B615-684B5DDDCA54} = {E2A52810-CFFE-4ADA-8654-E0282492AB3F}
		{48586D2B-CF1A-4CF2-B6DB-429BD387431D} = {8C9F014E-97FC-4A6E-9C4D-05DF71C3B209}
		{029BF37E-8B50-4270-8FB7-22E090BAB8A9} = {8C9F014E-97FC-4A6E-9C4D-05DF71C3B209}
		{D1F48996-0EAE-4203-B372-E1E6183A1329} = {8C9F014E-97FC-4A6E-9C4D-05DF71C3B209}
		{B63C9616-A04F-41D3-9632-567E3389F87A} = {8C9F014E-97FC-4A6E-9C4D-05DF71C3B209}
		{92F24B11-B5CE-4B4F-810E-8B544AE22ACB} = {E2A52810-CFFE-4ADA-8654-E0282492AB3F}
		{5D48DE90-27BA-4F76-9DDD-34A79F80176A} = {E2A52810-CFFE-4ADA-8654-E0282492AB3F}
		{236177DA-978B-4EEB-98C3-D15DB2D5B94D} = {29056796-3D9B-4DD1-A99F-93063C26D60D}
		{E2A52810-CFFE-4ADA-8654-E0282492AB3F} = {3293BA18-D81D-4AD9-9D7C-9CD2F0D5D376}
		{FB9DDB70-A2CC-4A30-B6D2-E4C5E8F30599} = {E2A52810-CFFE-4ADA-8654-E0282492AB3F}
		{97CDA598-5DDB-40F5-92F7-CE70BE58F881} = {E2A52810-CFFE-4ADA-8654-E0282492AB3F}
		{5D7F9FDE-4E08-469F-9AB7-806AFBB7C531} = {29056796-3D9B-4DD1-A99F-93063C26D60D}
		{6782F97A-B94B-4A1E-9D2A-C106EED389E9} = {3293BA18-D81D-4AD9-9D7C-9CD2F0D5D376}
		{81E40D8B-D22C-436E-A78C-B963DFB66685} = {29056796-3D9B-4DD1-A99F-93063C26D60D}
		{A9348AA6-A8F7-4B73-9F88-55557EAA3248} = {29056796-3D9B-4DD1-A99F-93063C26D60D}
		{FCE7F375-F014-4331-A8A3-1B9016C8F742} = {29056796-3D9B-4DD1-A99F-93063C26D60D}
		{5A7451FB-148F-4CE1-81E3-39F31E487FB4} = {6782F97A-B94B-4A1E-9D2A-C106EED389E9}
		{17F84E7C-40FD-48DA-82BC-FDDE81A41353} = {6782F97A-B94B-4A1E-9D2A-C106EED389E9}
		{CC543DE0-EE1F-473F-AEFD-9E31DCB93085} = {6782F97A-B94B-4A1E-9D2A-C106EED389E9}
		{E5186494-C094-46AE-A6C0-4D21139D263B} = {6782F97A-B94B-4A1E-9D2A-C106EED389E9}
		{C288FE22-70E7-4270-AD49-C5270BCBA9EC} = {6782F97A-B94B-4A1E-9D2A-C106EED389E9}
		{FB5E02F0-192F-4923-B22B-32A87AF25049} = {6782F97A-B94B-4A1E-9D2A-C106EED389E9}
		{8FB06ECC-4BB8-41CD-BDE1-F2197CF96785} = {29056796-3D9B-4DD1-A99F-93063C26D60D}
		{6582814E-A433-4CA4-AA92-388BF3171219} = {29056796-3D9B-4DD1-A99F-93063C26D60D}
		{182745A8-6E9A-4D33-9D37-77168F6F44F3} = {29056796-3D9B-4DD1-A99F-93063C26D60D}
		{A8722EA4-8650-4345-94C7-F75273E67075} = {29056796-3D9B-4DD1-A99F-93063C26D60D}
		{7D9AA960-D8CE-4EB0-8BD7-16931493B305} = {29056796-3D9B-4DD1-A99F-93063C26D60D}
		{28633C14-5AD2-409B-B653-E668B88D2B58} = {29056796-3D9B-4DD1-A99F-93063C26D60D}
		{C722A3BC-C881-4AE0-A61D-E6EBA05604B5} = {29056796-3D9B-4DD1-A99F-93063C26D60D}
		{9DDB987A-07BE-4F84-8B93-48AFF67D3583} = {29056796-3D9B-4DD1-A99F-93063C26D60D}
		{1E2380C6-C160-43B5-98C3-EE260BE0F5D7} = {E2A52810-CFFE-4ADA-8654-E0282492AB3F}
		{C7F7CD49-6840-46F8-9447-C0E04B5881CF} = {29056796-3D9B-4DD1-A99F-93063C26D60D}
		{2A0BF454-F52F-488F-BD77-B67718DC839C} = {29056796-3D9B-4DD1-A99F-93063C26D60D}
		{C6C5DFA3-B5D0-47BD-BA9B-9CD9629CF395} = {29056796-3D9B-4DD1-A99F-93063C26D60D}
		{18148AEE-492F-4BD3-A405-435908452607} = {8C9F014E-97FC-4A6E-9C4D-05DF71C3B209}
		{68B815E3-0221-4506-9236-9CA23E18CA4E} = {29056796-3D9B-4DD1-A99F-93063C26D60D}
		{3F9417E6-5752-4E43-A829-97C0F70F5F8D} = {29056796-3D9B-4DD1-A99F-93063C26D60D}
	EndGlobalSection
	GlobalSection(ExtensibilityGlobals) = postSolution
		SolutionGuid = {890503B7-C3A0-410B-A932-A031A4552050}
	EndGlobalSection
EndGlobal
